
Microsoft Visual Studio Solution File, Format Version 12.00
# Visual Studio Version 17
VisualStudioVersion = 17.0.32112.339
MinimumVisualStudioVersion = 10.0.40219.1
Project("{FAE04EC0-301F-11D3-BF4B-00C04F79EFBC}") = "A003_Console", "A003_Console\A003_Console.csproj", "{DB0D4710-360C-46B6-9BCB-73437C8DC737}"
EndProject
Project("{FAE04EC0-301F-11D3-BF4B-00C04F79EFBC}") = "A002_HelloWorld", "A002_HelloWorld\A002_HelloWorld.csproj", "{E383E317-C70A-4D96-9C0B-D0BFBAD0B4C1}"
EndProject
Project("{FAE04EC0-301F-11D3-BF4B-00C04F79EFBC}") = "A004_Variable", "A004_Variable\A004_Variable.csproj", "{2159B577-F49B-48E2-90CA-4A0349087512}"
EndProject
Project("{FAE04EC0-301F-11D3-BF4B-00C04F79EFBC}") = "A005_String", "A005_String\A005_String.csproj", "{B87AA634-CA51-411C-B641-B9E537E418AC}"
EndProject
Project("{FAE04EC0-301F-11D3-BF4B-00C04F79EFBC}") = "A006_Assignment", "A006_Assignment\A006_Assignment.csproj", "{B40ED965-6721-4295-8E99-9045A060F740}"
EndProject
Project("{FAE04EC0-301F-11D3-BF4B-00C04F79EFBC}") = "A007_ConsoleWriteLine", "A007_ConsoleWriteLine\A007_ConsoleWriteLine.csproj", "{5B1764D7-10E2-49B8-B011-0C112D2B1609}"
EndProject
Project("{FAE04EC0-301F-11D3-BF4B-00C04F79EFBC}") = "A008_ConsoleWriteMulti", "A008_ConsoleWriteMulti\A008_ConsoleWriteMulti.csproj", "{9AE37B66-3BE1-4449-8096-CA42B79EA1D1}"
EndProject
Project("{FAE04EC0-301F-11D3-BF4B-00C04F79EFBC}") = "A009_VariablesAndWrite", "A009_VariablesAndWrite\A009_VariablesAndWrite.csproj", "{9C2268AF-21F5-434F-820D-368591B17A40}"
EndProject
Project("{FAE04EC0-301F-11D3-BF4B-00C04F79EFBC}") = "A010_ConsoleFormat", "A010_ConsoleFormat\A010_ConsoleFormat.csproj", "{4571CDFE-DAF8-4933-BCA0-198278C559B8}"
EndProject
Project("{FAE04EC0-301F-11D3-BF4B-00C04F79EFBC}") = "A011_FormatSpecifier", "A011_FormatSpecifier\A011_FormatSpecifier.csproj", "{5FA59820-E5F8-49FA-82C3-C36DCC9D49A5}"
EndProject
Project("{FAE04EC0-301F-11D3-BF4B-00C04F79EFBC}") = "A012_FloatDoubleDecimal", "A012_FloatDoubleDecimal\A012_FloatDoubleDecimal.csproj", "{2D61E8D0-4C90-4415-A02A-3A6E819C5FEB}"
EndProject
Project("{FAE04EC0-301F-11D3-BF4B-00C04F79EFBC}") = "A013_TypeConversion", "A013_TypeConversion\A013_TypeConversion.csproj", "{6C61EFC1-C593-4514-B6CB-E530531D372C}"
EndProject
Project("{FAE04EC0-301F-11D3-BF4B-00C04F79EFBC}") = "A014_StringToNumber", "A014_StringToNumber\A014_StringToNumber.csproj", "{814A0907-F764-46C2-9130-B7AB20BBF1E1}"
EndProject
Project("{FAE04EC0-301F-11D3-BF4B-00C04F79EFBC}") = "A015_Convert", "A015_Convert\A015_Convert.csproj", "{06A68C74-FBFF-4F32-9C56-24421D544212}"
EndProject
Project("{FAE04EC0-301F-11D3-BF4B-00C04F79EFBC}") = "A016_Operators", "A016_Operators\A016_Operators.csproj", "{EC0F13D0-84F0-46CD-AA96-A2577A99B4C7}"
EndProject
Project("{FAE04EC0-301F-11D3-BF4B-00C04F79EFBC}") = "A017_ArithmeticOperators", "A017_ArithmeticOperators\A017_ArithmeticOperators.csproj", "{C5ACC5E1-5445-4056-94BF-0219C88E2CC8}"
EndProject
Project("{FAE04EC0-301F-11D3-BF4B-00C04F79EFBC}") = "A018_DivideByZero", "A018_DivideByZero\A018_DivideByZero.csproj", "{C19F803F-C244-46BC-AA7A-AA0120E92411}"
EndProject
Project("{FAE04EC0-301F-11D3-BF4B-00C04F79EFBC}") = "A019_Overflow", "A019_Overflow\A019_Overflow.csproj", "{9E5B2681-E134-48DA-8F70-1E8B669BF095}"
EndProject
Project("{FAE04EC0-301F-11D3-BF4B-00C04F79EFBC}") = "A020_RelatinoalOperator", "A020_RelatinoalOperator\A020_RelatinoalOperator.csproj", "{9B6CF87E-5F12-4639-8AC2-B907F65940C4}"
EndProject
Project("{FAE04EC0-301F-11D3-BF4B-00C04F79EFBC}") = "A021_LogicalOperators", "A021_LogicalOperators\A021_LogicalOperators.csproj", "{3ACE4B3C-7A78-4C0A-AE73-84AF5B121543}"
EndProject
Project("{FAE04EC0-301F-11D3-BF4B-00C04F79EFBC}") = "A022_BitwiseOperators", "A022_BitwiseOperators\A022_BitwiseOperators.csproj", "{C11BDE26-E225-4F21-B40C-81E46CAD0591}"
EndProject
Project("{FAE04EC0-301F-11D3-BF4B-00C04F79EFBC}") = "A023_ConditionalOperator", "A023_ConditionalOperator\A023_ConditionalOperator.csproj", "{3646687B-1E50-4F1B-B680-C4C0CBE88E8E}"
EndProject
Project("{FAE04EC0-301F-11D3-BF4B-00C04F79EFBC}") = "A024_CompoundAssignment", "A024_CompoundAssignment\A024_CompoundAssignment.csproj", "{AE1F0C51-0A1F-4930-A13F-CD4D31DEB14D}"
EndProject
Project("{FAE04EC0-301F-11D3-BF4B-00C04F79EFBC}") = "A025_StringMethods", "A025_StringMethods\A025_StringMethods.csproj", "{013475C5-B547-4FDB-950A-3BC5E688063C}"
EndProject
Project("{FAE04EC0-301F-11D3-BF4B-00C04F79EFBC}") = "A026_SplitMethod", "A026_SplitMethod\A026_SplitMethod.csproj", "{476E1290-E54D-43FA-93BE-FE6D7BE5D6F8}"
EndProject
Project("{FAE04EC0-301F-11D3-BF4B-00C04F79EFBC}") = "A027_StringConcat", "A027_StringConcat\A027_StringConcat.csproj", "{A5EDA023-C039-4368-AC54-FE0864DF1DBE}"
EndProject
Project("{FAE04EC0-301F-11D3-BF4B-00C04F79EFBC}") = "A028_StringContains", "A028_StringContains\A028_StringContains.csproj", "{F13B03F1-5E1F-474F-8BFD-663B41054F11}"
EndProject
Project("{FAE04EC0-301F-11D3-BF4B-00C04F79EFBC}") = "A029_StringFormat", "A029_StringFormat\A029_StringFormat.csproj", "{1B960B03-124E-488B-959C-23B693844D38}"
EndProject
Project("{FAE04EC0-301F-11D3-BF4B-00C04F79EFBC}") = "A030_GroupSeparator", "A030_GroupSeparator\A030_GroupSeparator.csproj", "{9191EFEA-14F3-4F9A-A8C9-0A2768E716F2}"
EndProject
Global
	GlobalSection(SolutionConfigurationPlatforms) = preSolution
		Debug|Any CPU = Debug|Any CPU
		Release|Any CPU = Release|Any CPU
	EndGlobalSection
	GlobalSection(ProjectConfigurationPlatforms) = postSolution
		{DB0D4710-360C-46B6-9BCB-73437C8DC737}.Debug|Any CPU.ActiveCfg = Debug|Any CPU
		{DB0D4710-360C-46B6-9BCB-73437C8DC737}.Debug|Any CPU.Build.0 = Debug|Any CPU
		{DB0D4710-360C-46B6-9BCB-73437C8DC737}.Release|Any CPU.ActiveCfg = Release|Any CPU
		{DB0D4710-360C-46B6-9BCB-73437C8DC737}.Release|Any CPU.Build.0 = Release|Any CPU
		{E383E317-C70A-4D96-9C0B-D0BFBAD0B4C1}.Debug|Any CPU.ActiveCfg = Debug|Any CPU
		{E383E317-C70A-4D96-9C0B-D0BFBAD0B4C1}.Debug|Any CPU.Build.0 = Debug|Any CPU
		{E383E317-C70A-4D96-9C0B-D0BFBAD0B4C1}.Release|Any CPU.ActiveCfg = Release|Any CPU
		{E383E317-C70A-4D96-9C0B-D0BFBAD0B4C1}.Release|Any CPU.Build.0 = Release|Any CPU
		{2159B577-F49B-48E2-90CA-4A0349087512}.Debug|Any CPU.ActiveCfg = Debug|Any CPU
		{2159B577-F49B-48E2-90CA-4A0349087512}.Debug|Any CPU.Build.0 = Debug|Any CPU
		{2159B577-F49B-48E2-90CA-4A0349087512}.Release|Any CPU.ActiveCfg = Release|Any CPU
		{2159B577-F49B-48E2-90CA-4A0349087512}.Release|Any CPU.Build.0 = Release|Any CPU
		{B87AA634-CA51-411C-B641-B9E537E418AC}.Debug|Any CPU.ActiveCfg = Debug|Any CPU
		{B87AA634-CA51-411C-B641-B9E537E418AC}.Debug|Any CPU.Build.0 = Debug|Any CPU
		{B87AA634-CA51-411C-B641-B9E537E418AC}.Release|Any CPU.ActiveCfg = Release|Any CPU
		{B87AA634-CA51-411C-B641-B9E537E418AC}.Release|Any CPU.Build.0 = Release|Any CPU
		{B40ED965-6721-4295-8E99-9045A060F740}.Debug|Any CPU.ActiveCfg = Debug|Any CPU
		{B40ED965-6721-4295-8E99-9045A060F740}.Debug|Any CPU.Build.0 = Debug|Any CPU
		{B40ED965-6721-4295-8E99-9045A060F740}.Release|Any CPU.ActiveCfg = Release|Any CPU
		{B40ED965-6721-4295-8E99-9045A060F740}.Release|Any CPU.Build.0 = Release|Any CPU
		{5B1764D7-10E2-49B8-B011-0C112D2B1609}.Debug|Any CPU.ActiveCfg = Debug|Any CPU
		{5B1764D7-10E2-49B8-B011-0C112D2B1609}.Debug|Any CPU.Build.0 = Debug|Any CPU
		{5B1764D7-10E2-49B8-B011-0C112D2B1609}.Release|Any CPU.ActiveCfg = Release|Any CPU
		{5B1764D7-10E2-49B8-B011-0C112D2B1609}.Release|Any CPU.Build.0 = Release|Any CPU
		{9AE37B66-3BE1-4449-8096-CA42B79EA1D1}.Debug|Any CPU.ActiveCfg = Debug|Any CPU
		{9AE37B66-3BE1-4449-8096-CA42B79EA1D1}.Debug|Any CPU.Build.0 = Debug|Any CPU
		{9AE37B66-3BE1-4449-8096-CA42B79EA1D1}.Release|Any CPU.ActiveCfg = Release|Any CPU
		{9AE37B66-3BE1-4449-8096-CA42B79EA1D1}.Release|Any CPU.Build.0 = Release|Any CPU
		{9C2268AF-21F5-434F-820D-368591B17A40}.Debug|Any CPU.ActiveCfg = Debug|Any CPU
		{9C2268AF-21F5-434F-820D-368591B17A40}.Debug|Any CPU.Build.0 = Debug|Any CPU
		{9C2268AF-21F5-434F-820D-368591B17A40}.Release|Any CPU.ActiveCfg = Release|Any CPU
		{9C2268AF-21F5-434F-820D-368591B17A40}.Release|Any CPU.Build.0 = Release|Any CPU
		{4571CDFE-DAF8-4933-BCA0-198278C559B8}.Debug|Any CPU.ActiveCfg = Debug|Any CPU
		{4571CDFE-DAF8-4933-BCA0-198278C559B8}.Debug|Any CPU.Build.0 = Debug|Any CPU
		{4571CDFE-DAF8-4933-BCA0-198278C559B8}.Release|Any CPU.ActiveCfg = Release|Any CPU
		{4571CDFE-DAF8-4933-BCA0-198278C559B8}.Release|Any CPU.Build.0 = Release|Any CPU
		{5FA59820-E5F8-49FA-82C3-C36DCC9D49A5}.Debug|Any CPU.ActiveCfg = Debug|Any CPU
		{5FA59820-E5F8-49FA-82C3-C36DCC9D49A5}.Debug|Any CPU.Build.0 = Debug|Any CPU
		{5FA59820-E5F8-49FA-82C3-C36DCC9D49A5}.Release|Any CPU.ActiveCfg = Release|Any CPU
		{5FA59820-E5F8-49FA-82C3-C36DCC9D49A5}.Release|Any CPU.Build.0 = Release|Any CPU
		{2D61E8D0-4C90-4415-A02A-3A6E819C5FEB}.Debug|Any CPU.ActiveCfg = Debug|Any CPU
		{2D61E8D0-4C90-4415-A02A-3A6E819C5FEB}.Debug|Any CPU.Build.0 = Debug|Any CPU
		{2D61E8D0-4C90-4415-A02A-3A6E819C5FEB}.Release|Any CPU.ActiveCfg = Release|Any CPU
		{2D61E8D0-4C90-4415-A02A-3A6E819C5FEB}.Release|Any CPU.Build.0 = Release|Any CPU
		{6C61EFC1-C593-4514-B6CB-E530531D372C}.Debug|Any CPU.ActiveCfg = Debug|Any CPU
		{6C61EFC1-C593-4514-B6CB-E530531D372C}.Debug|Any CPU.Build.0 = Debug|Any CPU
		{6C61EFC1-C593-4514-B6CB-E530531D372C}.Release|Any CPU.ActiveCfg = Release|Any CPU
		{6C61EFC1-C593-4514-B6CB-E530531D372C}.Release|Any CPU.Build.0 = Release|Any CPU
		{814A0907-F764-46C2-9130-B7AB20BBF1E1}.Debug|Any CPU.ActiveCfg = Debug|Any CPU
		{814A0907-F764-46C2-9130-B7AB20BBF1E1}.Debug|Any CPU.Build.0 = Debug|Any CPU
		{814A0907-F764-46C2-9130-B7AB20BBF1E1}.Release|Any CPU.ActiveCfg = Release|Any CPU
		{814A0907-F764-46C2-9130-B7AB20BBF1E1}.Release|Any CPU.Build.0 = Release|Any CPU
		{06A68C74-FBFF-4F32-9C56-24421D544212}.Debug|Any CPU.ActiveCfg = Debug|Any CPU
		{06A68C74-FBFF-4F32-9C56-24421D544212}.Debug|Any CPU.Build.0 = Debug|Any CPU
		{06A68C74-FBFF-4F32-9C56-24421D544212}.Release|Any CPU.ActiveCfg = Release|Any CPU
		{06A68C74-FBFF-4F32-9C56-24421D544212}.Release|Any CPU.Build.0 = Release|Any CPU
		{EC0F13D0-84F0-46CD-AA96-A2577A99B4C7}.Debug|Any CPU.ActiveCfg = Debug|Any CPU
		{EC0F13D0-84F0-46CD-AA96-A2577A99B4C7}.Debug|Any CPU.Build.0 = Debug|Any CPU
		{EC0F13D0-84F0-46CD-AA96-A2577A99B4C7}.Release|Any CPU.ActiveCfg = Release|Any CPU
		{EC0F13D0-84F0-46CD-AA96-A2577A99B4C7}.Release|Any CPU.Build.0 = Release|Any CPU
		{C5ACC5E1-5445-4056-94BF-0219C88E2CC8}.Debug|Any CPU.ActiveCfg = Debug|Any CPU
		{C5ACC5E1-5445-4056-94BF-0219C88E2CC8}.Debug|Any CPU.Build.0 = Debug|Any CPU
		{C5ACC5E1-5445-4056-94BF-0219C88E2CC8}.Release|Any CPU.ActiveCfg = Release|Any CPU
		{C5ACC5E1-5445-4056-94BF-0219C88E2CC8}.Release|Any CPU.Build.0 = Release|Any CPU
		{C19F803F-C244-46BC-AA7A-AA0120E92411}.Debug|Any CPU.ActiveCfg = Debug|Any CPU
		{C19F803F-C244-46BC-AA7A-AA0120E92411}.Debug|Any CPU.Build.0 = Debug|Any CPU
		{C19F803F-C244-46BC-AA7A-AA0120E92411}.Release|Any CPU.ActiveCfg = Release|Any CPU
		{C19F803F-C244-46BC-AA7A-AA0120E92411}.Release|Any CPU.Build.0 = Release|Any CPU
		{9E5B2681-E134-48DA-8F70-1E8B669BF095}.Debug|Any CPU.ActiveCfg = Debug|Any CPU
		{9E5B2681-E134-48DA-8F70-1E8B669BF095}.Debug|Any CPU.Build.0 = Debug|Any CPU
		{9E5B2681-E134-48DA-8F70-1E8B669BF095}.Release|Any CPU.ActiveCfg = Release|Any CPU
		{9E5B2681-E134-48DA-8F70-1E8B669BF095}.Release|Any CPU.Build.0 = Release|Any CPU
		{9B6CF87E-5F12-4639-8AC2-B907F65940C4}.Debug|Any CPU.ActiveCfg = Debug|Any CPU
		{9B6CF87E-5F12-4639-8AC2-B907F65940C4}.Debug|Any CPU.Build.0 = Debug|Any CPU
		{9B6CF87E-5F12-4639-8AC2-B907F65940C4}.Release|Any CPU.ActiveCfg = Release|Any CPU
		{9B6CF87E-5F12-4639-8AC2-B907F65940C4}.Release|Any CPU.Build.0 = Release|Any CPU
		{3ACE4B3C-7A78-4C0A-AE73-84AF5B121543}.Debug|Any CPU.ActiveCfg = Debug|Any CPU
		{3ACE4B3C-7A78-4C0A-AE73-84AF5B121543}.Debug|Any CPU.Build.0 = Debug|Any CPU
		{3ACE4B3C-7A78-4C0A-AE73-84AF5B121543}.Release|Any CPU.ActiveCfg = Release|Any CPU
		{3ACE4B3C-7A78-4C0A-AE73-84AF5B121543}.Release|Any CPU.Build.0 = Release|Any CPU
		{C11BDE26-E225-4F21-B40C-81E46CAD0591}.Debug|Any CPU.ActiveCfg = Debug|Any CPU
		{C11BDE26-E225-4F21-B40C-81E46CAD0591}.Debug|Any CPU.Build.0 = Debug|Any CPU
		{C11BDE26-E225-4F21-B40C-81E46CAD0591}.Release|Any CPU.ActiveCfg = Release|Any CPU
		{C11BDE26-E225-4F21-B40C-81E46CAD0591}.Release|Any CPU.Build.0 = Release|Any CPU
		{3646687B-1E50-4F1B-B680-C4C0CBE88E8E}.Debug|Any CPU.ActiveCfg = Debug|Any CPU
		{3646687B-1E50-4F1B-B680-C4C0CBE88E8E}.Debug|Any CPU.Build.0 = Debug|Any CPU
		{3646687B-1E50-4F1B-B680-C4C0CBE88E8E}.Release|Any CPU.ActiveCfg = Release|Any CPU
		{3646687B-1E50-4F1B-B680-C4C0CBE88E8E}.Release|Any CPU.Build.0 = Release|Any CPU
		{AE1F0C51-0A1F-4930-A13F-CD4D31DEB14D}.Debug|Any CPU.ActiveCfg = Debug|Any CPU
		{AE1F0C51-0A1F-4930-A13F-CD4D31DEB14D}.Debug|Any CPU.Build.0 = Debug|Any CPU
		{AE1F0C51-0A1F-4930-A13F-CD4D31DEB14D}.Release|Any CPU.ActiveCfg = Release|Any CPU
		{AE1F0C51-0A1F-4930-A13F-CD4D31DEB14D}.Release|Any CPU.Build.0 = Release|Any CPU
		{013475C5-B547-4FDB-950A-3BC5E688063C}.Debug|Any CPU.ActiveCfg = Debug|Any CPU
		{013475C5-B547-4FDB-950A-3BC5E688063C}.Debug|Any CPU.Build.0 = Debug|Any CPU
		{013475C5-B547-4FDB-950A-3BC5E688063C}.Release|Any CPU.ActiveCfg = Release|Any CPU
		{013475C5-B547-4FDB-950A-3BC5E688063C}.Release|Any CPU.Build.0 = Release|Any CPU
		{476E1290-E54D-43FA-93BE-FE6D7BE5D6F8}.Debug|Any CPU.ActiveCfg = Debug|Any CPU
		{476E1290-E54D-43FA-93BE-FE6D7BE5D6F8}.Debug|Any CPU.Build.0 = Debug|Any CPU
		{476E1290-E54D-43FA-93BE-FE6D7BE5D6F8}.Release|Any CPU.ActiveCfg = Release|Any CPU
		{476E1290-E54D-43FA-93BE-FE6D7BE5D6F8}.Release|Any CPU.Build.0 = Release|Any CPU
		{A5EDA023-C039-4368-AC54-FE0864DF1DBE}.Debug|Any CPU.ActiveCfg = Debug|Any CPU
		{A5EDA023-C039-4368-AC54-FE0864DF1DBE}.Debug|Any CPU.Build.0 = Debug|Any CPU
		{A5EDA023-C039-4368-AC54-FE0864DF1DBE}.Release|Any CPU.ActiveCfg = Release|Any CPU
		{A5EDA023-C039-4368-AC54-FE0864DF1DBE}.Release|Any CPU.Build.0 = Release|Any CPU
		{F13B03F1-5E1F-474F-8BFD-663B41054F11}.Debug|Any CPU.ActiveCfg = Debug|Any CPU
		{F13B03F1-5E1F-474F-8BFD-663B41054F11}.Debug|Any CPU.Build.0 = Debug|Any CPU
		{F13B03F1-5E1F-474F-8BFD-663B41054F11}.Release|Any CPU.ActiveCfg = Release|Any CPU
		{F13B03F1-5E1F-474F-8BFD-663B41054F11}.Release|Any CPU.Build.0 = Release|Any CPU
		{1B960B03-124E-488B-959C-23B693844D38}.Debug|Any CPU.ActiveCfg = Debug|Any CPU
		{1B960B03-124E-488B-959C-23B693844D38}.Debug|Any CPU.Build.0 = Debug|Any CPU
		{1B960B03-124E-488B-959C-23B693844D38}.Release|Any CPU.ActiveCfg = Release|Any CPU
		{1B960B03-124E-488B-959C-23B693844D38}.Release|Any CPU.Build.0 = Release|Any CPU
		{9191EFEA-14F3-4F9A-A8C9-0A2768E716F2}.Debug|Any CPU.ActiveCfg = Debug|Any CPU
		{9191EFEA-14F3-4F9A-A8C9-0A2768E716F2}.Debug|Any CPU.Build.0 = Debug|Any CPU
		{9191EFEA-14F3-4F9A-A8C9-0A2768E716F2}.Release|Any CPU.ActiveCfg = Release|Any CPU
		{9191EFEA-14F3-4F9A-A8C9-0A2768E716F2}.Release|Any CPU.Build.0 = Release|Any CPU
	EndGlobalSection
	GlobalSection(SolutionProperties) = preSolution
		HideSolutionNode = FALSE
	EndGlobalSection
	GlobalSection(ExtensibilityGlobals) = postSolution
		SolutionGuid = {074C7F5A-B976-414B-8CD9-F963F3292144}
	EndGlobalSection
EndGlobal
