
Microsoft Visual Studio Solution File, Format Version 12.00
# Visual Studio Version 17
VisualStudioVersion = 17.0.32112.339
MinimumVisualStudioVersion = 10.0.40219.1
Project("{FAE04EC0-301F-11D3-BF4B-00C04F79EFBC}") = "A003_Console", "A003_Console\A003_Console.csproj", "{DB0D4710-360C-46B6-9BCB-73437C8DC737}"
EndProject
Project("{FAE04EC0-301F-11D3-BF4B-00C04F79EFBC}") = "A002_HelloWorld", "A002_HelloWorld\A002_HelloWorld.csproj", "{E383E317-C70A-4D96-9C0B-D0BFBAD0B4C1}"
EndProject
Project("{FAE04EC0-301F-11D3-BF4B-00C04F79EFBC}") = "A004_Variable", "A004_Variable\A004_Variable.csproj", "{2159B577-F49B-48E2-90CA-4A0349087512}"
EndProject
Project("{FAE04EC0-301F-11D3-BF4B-00C04F79EFBC}") = "A005_String", "A005_String\A005_String.csproj", "{B87AA634-CA51-411C-B641-B9E537E418AC}"
EndProject
Project("{FAE04EC0-301F-11D3-BF4B-00C04F79EFBC}") = "A006_Assignment", "A006_Assignment\A006_Assignment.csproj", "{B40ED965-6721-4295-8E99-9045A060F740}"
EndProject
Project("{FAE04EC0-301F-11D3-BF4B-00C04F79EFBC}") = "A007_ConsoleWriteLine", "A007_ConsoleWriteLine\A007_ConsoleWriteLine.csproj", "{5B1764D7-10E2-49B8-B011-0C112D2B1609}"
EndProject
Project("{FAE04EC0-301F-11D3-BF4B-00C04F79EFBC}") = "A008_ConsoleWriteMulti", "A008_ConsoleWriteMulti\A008_ConsoleWriteMulti.csproj", "{9AE37B66-3BE1-4449-8096-CA42B79EA1D1}"
EndProject
Project("{FAE04EC0-301F-11D3-BF4B-00C04F79EFBC}") = "A009_VariablesAndWrite", "A009_VariablesAndWrite\A009_VariablesAndWrite.csproj", "{9C2268AF-21F5-434F-820D-368591B17A40}"
EndProject
Project("{FAE04EC0-301F-11D3-BF4B-00C04F79EFBC}") = "A010_ConsoleFormat", "A010_ConsoleFormat\A010_ConsoleFormat.csproj", "{4571CDFE-DAF8-4933-BCA0-198278C559B8}"
EndProject
Project("{FAE04EC0-301F-11D3-BF4B-00C04F79EFBC}") = "A011_FormatSpecifier", "A011_FormatSpecifier\A011_FormatSpecifier.csproj", "{5FA59820-E5F8-49FA-82C3-C36DCC9D49A5}"
EndProject
Project("{FAE04EC0-301F-11D3-BF4B-00C04F79EFBC}") = "A012_FloatDoubleDecimal", "A012_FloatDoubleDecimal\A012_FloatDoubleDecimal.csproj", "{2D61E8D0-4C90-4415-A02A-3A6E819C5FEB}"
EndProject
Project("{FAE04EC0-301F-11D3-BF4B-00C04F79EFBC}") = "A013_TypeConversion", "A013_TypeConversion\A013_TypeConversion.csproj", "{6C61EFC1-C593-4514-B6CB-E530531D372C}"
EndProject
Project("{FAE04EC0-301F-11D3-BF4B-00C04F79EFBC}") = "A014_StringToNumber", "A014_StringToNumber\A014_StringToNumber.csproj", "{814A0907-F764-46C2-9130-B7AB20BBF1E1}"
EndProject
Project("{FAE04EC0-301F-11D3-BF4B-00C04F79EFBC}") = "A015_Convert", "A015_Convert\A015_Convert.csproj", "{06A68C74-FBFF-4F32-9C56-24421D544212}"
EndProject
Project("{FAE04EC0-301F-11D3-BF4B-00C04F79EFBC}") = "A016_Operators", "A016_Operators\A016_Operators.csproj", "{EC0F13D0-84F0-46CD-AA96-A2577A99B4C7}"
EndProject
Project("{FAE04EC0-301F-11D3-BF4B-00C04F79EFBC}") = "A017_ArithmeticOperators", "A017_ArithmeticOperators\A017_ArithmeticOperators.csproj", "{C5ACC5E1-5445-4056-94BF-0219C88E2CC8}"
EndProject
Project("{FAE04EC0-301F-11D3-BF4B-00C04F79EFBC}") = "A018_DivideByZero", "A018_DivideByZero\A018_DivideByZero.csproj", "{C19F803F-C244-46BC-AA7A-AA0120E92411}"
EndProject
Project("{FAE04EC0-301F-11D3-BF4B-00C04F79EFBC}") = "A019_Overflow", "A019_Overflow\A019_Overflow.csproj", "{9E5B2681-E134-48DA-8F70-1E8B669BF095}"
EndProject
Project("{FAE04EC0-301F-11D3-BF4B-00C04F79EFBC}") = "A020_RelatinoalOperator", "A020_RelatinoalOperator\A020_RelatinoalOperator.csproj", "{9B6CF87E-5F12-4639-8AC2-B907F65940C4}"
EndProject
Project("{FAE04EC0-301F-11D3-BF4B-00C04F79EFBC}") = "A021_LogicalOperators", "A021_LogicalOperators\A021_LogicalOperators.csproj", "{3ACE4B3C-7A78-4C0A-AE73-84AF5B121543}"
EndProject
Project("{FAE04EC0-301F-11D3-BF4B-00C04F79EFBC}") = "A022_BitwiseOperators", "A022_BitwiseOperators\A022_BitwiseOperators.csproj", "{C11BDE26-E225-4F21-B40C-81E46CAD0591}"
EndProject
Project("{FAE04EC0-301F-11D3-BF4B-00C04F79EFBC}") = "A023_ConditionalOperator", "A023_ConditionalOperator\A023_ConditionalOperator.csproj", "{3646687B-1E50-4F1B-B680-C4C0CBE88E8E}"
EndProject
Project("{FAE04EC0-301F-11D3-BF4B-00C04F79EFBC}") = "A024_CompoundAssignment", "A024_CompoundAssignment\A024_CompoundAssignment.csproj", "{AE1F0C51-0A1F-4930-A13F-CD4D31DEB14D}"
EndProject
Project("{FAE04EC0-301F-11D3-BF4B-00C04F79EFBC}") = "A025_StringMethods", "A025_StringMethods\A025_StringMethods.csproj", "{013475C5-B547-4FDB-950A-3BC5E688063C}"
EndProject
Project("{FAE04EC0-301F-11D3-BF4B-00C04F79EFBC}") = "A026_SplitMethod", "A026_SplitMethod\A026_SplitMethod.csproj", "{476E1290-E54D-43FA-93BE-FE6D7BE5D6F8}"
EndProject
Project("{FAE04EC0-301F-11D3-BF4B-00C04F79EFBC}") = "A027_StringConcat", "A027_StringConcat\A027_StringConcat.csproj", "{A5EDA023-C039-4368-AC54-FE0864DF1DBE}"
EndProject
Project("{FAE04EC0-301F-11D3-BF4B-00C04F79EFBC}") = "A028_StringContains", "A028_StringContains\A028_StringContains.csproj", "{F13B03F1-5E1F-474F-8BFD-663B41054F11}"
EndProject
Project("{FAE04EC0-301F-11D3-BF4B-00C04F79EFBC}") = "A029_StringFormat", "A029_StringFormat\A029_StringFormat.csproj", "{1B960B03-124E-488B-959C-23B693844D38}"
EndProject
Project("{FAE04EC0-301F-11D3-BF4B-00C04F79EFBC}") = "A030_GroupSeparator", "A030_GroupSeparator\A030_GroupSeparator.csproj", "{9191EFEA-14F3-4F9A-A8C9-0A2768E716F2}"
EndProject
Project("{FAE04EC0-301F-11D3-BF4B-00C04F79EFBC}") = "A031_StringBuilder", "A031_StringBuilder\A031_StringBuilder.csproj", "{AA739199-8F9C-4F50-9C19-4219581BB2A9}"
EndProject
Project("{FAE04EC0-301F-11D3-BF4B-00C04F79EFBC}") = "A032_Enum", "A032_Enum\A032_Enum.csproj", "{A7CDA4C5-ADCC-4559-A467-9BC61D2728B1}"
EndProject
Project("{FAE04EC0-301F-11D3-BF4B-00C04F79EFBC}") = "A033_ConstAndReadonly", "A033_ConstAndReadonly\A033_ConstAndReadonly.csproj", "{B003E914-3A2F-42D3-8236-1CE362C39637}"
EndProject
Project("{FAE04EC0-301F-11D3-BF4B-00C04F79EFBC}") = "A034_ValueAndReference", "A034_ValueAndReference\A034_ValueAndReference.csproj", "{88291F0C-B6EE-4CB0-B4DA-A8FCABA9CCDE}"
EndProject
Project("{FAE04EC0-301F-11D3-BF4B-00C04F79EFBC}") = "A035_PassingArrayAndObject", "A035_PassingArrayAndObject\A035_PassingArrayAndObject.csproj", "{23A73B7D-E2AC-4EE1-BFF5-67E9E4B608A8}"
EndProject
Project("{FAE04EC0-301F-11D3-BF4B-00C04F79EFBC}") = "A036_NullCondirionalOperator", "A036_NullCondirionalOperator\A036_NullCondirionalOperator.csproj", "{AED73EC9-96E7-45D7-9CA8-9A43773107AD}"
EndProject
Project("{FAE04EC0-301F-11D3-BF4B-00C04F79EFBC}") = "A037_Deafult", "A037_Deafult\A037_Deafult.csproj", "{132721A0-CF7F-408B-8B82-2D78B8F275E3}"
EndProject
Project("{FAE04EC0-301F-11D3-BF4B-00C04F79EFBC}") = "A038_Nullable", "A038_Nullable\A038_Nullable.csproj", "{4320A11F-2E83-4180-A2B7-CBD7A1414CFC}"
EndProject
Project("{FAE04EC0-301F-11D3-BF4B-00C04F79EFBC}") = "A039_Object", "A039_Object\A039_Object.csproj", "{EBDAF251-5972-4CD7-BC1F-67AE6765E309}"
EndProject
Project("{FAE04EC0-301F-11D3-BF4B-00C04F79EFBC}") = "A040_LeapYear", "A040_LeapYear\A040_LeapYear.csproj", "{21AD7997-7FF0-47C8-BF3A-BB5B85F61A86}"
EndProject
Project("{FAE04EC0-301F-11D3-BF4B-00C04F79EFBC}") = "A041_Grading", "A041_Grading\A041_Grading.csproj", "{084A2AFF-3B1E-4853-A8E0-CB4512A11DA4}"
EndProject
Project("{FAE04EC0-301F-11D3-BF4B-00C04F79EFBC}") = "A042_BMI", "A042_BMI\A042_BMI.csproj", "{E73B2B33-7A91-4131-B17C-C2DB4404B58B}"
EndProject
Project("{FAE04EC0-301F-11D3-BF4B-00C04F79EFBC}") = "A043_Loop", "A043_Loop\A043_Loop.csproj", "{E79A0097-D6BA-44FC-8A52-9CD65563E8E3}"
EndProject
Project("{FAE04EC0-301F-11D3-BF4B-00C04F79EFBC}") = "A044_NumberSystem", "A044_NumberSystem\A044_NumberSystem.csproj", "{D31D78F3-AB0A-4985-A03C-A99EBD2E4DAF}"
EndProject
Project("{FAE04EC0-301F-11D3-BF4B-00C04F79EFBC}") = "A045_MultiplicationTable", "A045_MultiplicationTable\A045_MultiplicationTable.csproj", "{3380B494-9D2F-4079-BD43-679DEA9EDDE1}"
EndProject
Project("{FAE04EC0-301F-11D3-BF4B-00C04F79EFBC}") = "A046_MinMax", "A046_MinMax\A046_MinMax.csproj", "{5F2A4724-CAD0-4760-BCAB-9DBF9762AA70}"
EndProject
Project("{FAE04EC0-301F-11D3-BF4B-00C04F79EFBC}") = "A047_Power", "A047_Power\A047_Power.csproj", "{205ADEE4-ADC9-4F16-8E98-9B861A5B6DA2}"
EndProject
Project("{FAE04EC0-301F-11D3-BF4B-00C04F79EFBC}") = "A048_Factorial", "A048_Factorial\A048_Factorial.csproj", "{EE8325B2-8C15-427B-93F7-52A9B02B4CB1}"
EndProject
Project("{FAE04EC0-301F-11D3-BF4B-00C04F79EFBC}") = "A049_PrimeNumber", "A049_PrimeNumber\A049_PrimeNumber.csproj", "{F47FE2E9-B173-45DE-A73B-F275034FBE9D}"
EndProject
Project("{FAE04EC0-301F-11D3-BF4B-00C04F79EFBC}") = "A050_FindingPI", "A050_FindingPI\A050_FindingPI.csproj", "{F2B19176-AB14-42A0-8132-9D20B4776FB1}"
EndProject
Project("{FAE04EC0-301F-11D3-BF4B-00C04F79EFBC}") = "A051_InfiniteLoop", "A051_InfiniteLoop\A051_InfiniteLoop.csproj", "{9972DC28-A8C7-40D4-B6F0-FDD50F6338F3}"
EndProject
Project("{FAE04EC0-301F-11D3-BF4B-00C04F79EFBC}") = "A052_UsingBreak", "A052_UsingBreak\A052_UsingBreak.csproj", "{607C0F76-22DA-45B2-A414-33B21DBA02DC}"
EndProject
Project("{FAE04EC0-301F-11D3-BF4B-00C04F79EFBC}") = "A053_SumOfFactorials", "A053_SumOfFactorials\A053_SumOfFactorials.csproj", "{91FAA577-1255-4629-B157-69373856E009}"
EndProject
Project("{FAE04EC0-301F-11D3-BF4B-00C04F79EFBC}") = "A054_TimesTable", "A054_TimesTable\A054_TimesTable.csproj", "{59EBBED5-477A-4966-8405-C27AF3D7725E}"
EndProject
Project("{FAE04EC0-301F-11D3-BF4B-00C04F79EFBC}") = "A055_PrimeNumbers", "A055_PrimeNumbers\A055_PrimeNumbers.csproj", "{D63A1009-526C-4CB5-B7B2-A5844D929A0C}"
EndProject
Project("{FAE04EC0-301F-11D3-BF4B-00C04F79EFBC}") = "A056_LoopPyramid", "A056_LoopPyramid\A056_LoopPyramid.csproj", "{91AAC64D-7B0D-4BB6-B6A3-6B8BF442A861}"
EndProject
Project("{FAE04EC0-301F-11D3-BF4B-00C04F79EFBC}") = "A057_ArrayBasic", "A057_ArrayBasic\A057_ArrayBasic.csproj", "{0AC81EFB-EAD9-4530-9644-2BB05F6FD7D3}"
EndProject
Project("{FAE04EC0-301F-11D3-BF4B-00C04F79EFBC}") = "A058_ArrayClass", "A058_ArrayClass\A058_ArrayClass.csproj", "{09B7852A-07AE-47FF-B70D-1F3923C40D12}"
EndProject
Project("{FAE04EC0-301F-11D3-BF4B-00C04F79EFBC}") = "A059_MultiDimensionArray", "A059_MultiDimensionArray\A059_MultiDimensionArray.csproj", "{393E7EBA-1B94-42A4-9263-232176A3898E}"
EndProject
Project("{FAE04EC0-301F-11D3-BF4B-00C04F79EFBC}") = "A060_ArraySorting", "A060_ArraySorting\A060_ArraySorting.csproj", "{58C52D6E-BD29-4D8F-9BE9-D3969BB00182}"
EndProject
Global
	GlobalSection(SolutionConfigurationPlatforms) = preSolution
		Debug|Any CPU = Debug|Any CPU
		Release|Any CPU = Release|Any CPU
	EndGlobalSection
	GlobalSection(ProjectConfigurationPlatforms) = postSolution
		{DB0D4710-360C-46B6-9BCB-73437C8DC737}.Debug|Any CPU.ActiveCfg = Debug|Any CPU
		{DB0D4710-360C-46B6-9BCB-73437C8DC737}.Debug|Any CPU.Build.0 = Debug|Any CPU
		{DB0D4710-360C-46B6-9BCB-73437C8DC737}.Release|Any CPU.ActiveCfg = Release|Any CPU
		{DB0D4710-360C-46B6-9BCB-73437C8DC737}.Release|Any CPU.Build.0 = Release|Any CPU
		{E383E317-C70A-4D96-9C0B-D0BFBAD0B4C1}.Debug|Any CPU.ActiveCfg = Debug|Any CPU
		{E383E317-C70A-4D96-9C0B-D0BFBAD0B4C1}.Debug|Any CPU.Build.0 = Debug|Any CPU
		{E383E317-C70A-4D96-9C0B-D0BFBAD0B4C1}.Release|Any CPU.ActiveCfg = Release|Any CPU
		{E383E317-C70A-4D96-9C0B-D0BFBAD0B4C1}.Release|Any CPU.Build.0 = Release|Any CPU
		{2159B577-F49B-48E2-90CA-4A0349087512}.Debug|Any CPU.ActiveCfg = Debug|Any CPU
		{2159B577-F49B-48E2-90CA-4A0349087512}.Debug|Any CPU.Build.0 = Debug|Any CPU
		{2159B577-F49B-48E2-90CA-4A0349087512}.Release|Any CPU.ActiveCfg = Release|Any CPU
		{2159B577-F49B-48E2-90CA-4A0349087512}.Release|Any CPU.Build.0 = Release|Any CPU
		{B87AA634-CA51-411C-B641-B9E537E418AC}.Debug|Any CPU.ActiveCfg = Debug|Any CPU
		{B87AA634-CA51-411C-B641-B9E537E418AC}.Debug|Any CPU.Build.0 = Debug|Any CPU
		{B87AA634-CA51-411C-B641-B9E537E418AC}.Release|Any CPU.ActiveCfg = Release|Any CPU
		{B87AA634-CA51-411C-B641-B9E537E418AC}.Release|Any CPU.Build.0 = Release|Any CPU
		{B40ED965-6721-4295-8E99-9045A060F740}.Debug|Any CPU.ActiveCfg = Debug|Any CPU
		{B40ED965-6721-4295-8E99-9045A060F740}.Debug|Any CPU.Build.0 = Debug|Any CPU
		{B40ED965-6721-4295-8E99-9045A060F740}.Release|Any CPU.ActiveCfg = Release|Any CPU
		{B40ED965-6721-4295-8E99-9045A060F740}.Release|Any CPU.Build.0 = Release|Any CPU
		{5B1764D7-10E2-49B8-B011-0C112D2B1609}.Debug|Any CPU.ActiveCfg = Debug|Any CPU
		{5B1764D7-10E2-49B8-B011-0C112D2B1609}.Debug|Any CPU.Build.0 = Debug|Any CPU
		{5B1764D7-10E2-49B8-B011-0C112D2B1609}.Release|Any CPU.ActiveCfg = Release|Any CPU
		{5B1764D7-10E2-49B8-B011-0C112D2B1609}.Release|Any CPU.Build.0 = Release|Any CPU
		{9AE37B66-3BE1-4449-8096-CA42B79EA1D1}.Debug|Any CPU.ActiveCfg = Debug|Any CPU
		{9AE37B66-3BE1-4449-8096-CA42B79EA1D1}.Debug|Any CPU.Build.0 = Debug|Any CPU
		{9AE37B66-3BE1-4449-8096-CA42B79EA1D1}.Release|Any CPU.ActiveCfg = Release|Any CPU
		{9AE37B66-3BE1-4449-8096-CA42B79EA1D1}.Release|Any CPU.Build.0 = Release|Any CPU
		{9C2268AF-21F5-434F-820D-368591B17A40}.Debug|Any CPU.ActiveCfg = Debug|Any CPU
		{9C2268AF-21F5-434F-820D-368591B17A40}.Debug|Any CPU.Build.0 = Debug|Any CPU
		{9C2268AF-21F5-434F-820D-368591B17A40}.Release|Any CPU.ActiveCfg = Release|Any CPU
		{9C2268AF-21F5-434F-820D-368591B17A40}.Release|Any CPU.Build.0 = Release|Any CPU
		{4571CDFE-DAF8-4933-BCA0-198278C559B8}.Debug|Any CPU.ActiveCfg = Debug|Any CPU
		{4571CDFE-DAF8-4933-BCA0-198278C559B8}.Debug|Any CPU.Build.0 = Debug|Any CPU
		{4571CDFE-DAF8-4933-BCA0-198278C559B8}.Release|Any CPU.ActiveCfg = Release|Any CPU
		{4571CDFE-DAF8-4933-BCA0-198278C559B8}.Release|Any CPU.Build.0 = Release|Any CPU
		{5FA59820-E5F8-49FA-82C3-C36DCC9D49A5}.Debug|Any CPU.ActiveCfg = Debug|Any CPU
		{5FA59820-E5F8-49FA-82C3-C36DCC9D49A5}.Debug|Any CPU.Build.0 = Debug|Any CPU
		{5FA59820-E5F8-49FA-82C3-C36DCC9D49A5}.Release|Any CPU.ActiveCfg = Release|Any CPU
		{5FA59820-E5F8-49FA-82C3-C36DCC9D49A5}.Release|Any CPU.Build.0 = Release|Any CPU
		{2D61E8D0-4C90-4415-A02A-3A6E819C5FEB}.Debug|Any CPU.ActiveCfg = Debug|Any CPU
		{2D61E8D0-4C90-4415-A02A-3A6E819C5FEB}.Debug|Any CPU.Build.0 = Debug|Any CPU
		{2D61E8D0-4C90-4415-A02A-3A6E819C5FEB}.Release|Any CPU.ActiveCfg = Release|Any CPU
		{2D61E8D0-4C90-4415-A02A-3A6E819C5FEB}.Release|Any CPU.Build.0 = Release|Any CPU
		{6C61EFC1-C593-4514-B6CB-E530531D372C}.Debug|Any CPU.ActiveCfg = Debug|Any CPU
		{6C61EFC1-C593-4514-B6CB-E530531D372C}.Debug|Any CPU.Build.0 = Debug|Any CPU
		{6C61EFC1-C593-4514-B6CB-E530531D372C}.Release|Any CPU.ActiveCfg = Release|Any CPU
		{6C61EFC1-C593-4514-B6CB-E530531D372C}.Release|Any CPU.Build.0 = Release|Any CPU
		{814A0907-F764-46C2-9130-B7AB20BBF1E1}.Debug|Any CPU.ActiveCfg = Debug|Any CPU
		{814A0907-F764-46C2-9130-B7AB20BBF1E1}.Debug|Any CPU.Build.0 = Debug|Any CPU
		{814A0907-F764-46C2-9130-B7AB20BBF1E1}.Release|Any CPU.ActiveCfg = Release|Any CPU
		{814A0907-F764-46C2-9130-B7AB20BBF1E1}.Release|Any CPU.Build.0 = Release|Any CPU
		{06A68C74-FBFF-4F32-9C56-24421D544212}.Debug|Any CPU.ActiveCfg = Debug|Any CPU
		{06A68C74-FBFF-4F32-9C56-24421D544212}.Debug|Any CPU.Build.0 = Debug|Any CPU
		{06A68C74-FBFF-4F32-9C56-24421D544212}.Release|Any CPU.ActiveCfg = Release|Any CPU
		{06A68C74-FBFF-4F32-9C56-24421D544212}.Release|Any CPU.Build.0 = Release|Any CPU
		{EC0F13D0-84F0-46CD-AA96-A2577A99B4C7}.Debug|Any CPU.ActiveCfg = Debug|Any CPU
		{EC0F13D0-84F0-46CD-AA96-A2577A99B4C7}.Debug|Any CPU.Build.0 = Debug|Any CPU
		{EC0F13D0-84F0-46CD-AA96-A2577A99B4C7}.Release|Any CPU.ActiveCfg = Release|Any CPU
		{EC0F13D0-84F0-46CD-AA96-A2577A99B4C7}.Release|Any CPU.Build.0 = Release|Any CPU
		{C5ACC5E1-5445-4056-94BF-0219C88E2CC8}.Debug|Any CPU.ActiveCfg = Debug|Any CPU
		{C5ACC5E1-5445-4056-94BF-0219C88E2CC8}.Debug|Any CPU.Build.0 = Debug|Any CPU
		{C5ACC5E1-5445-4056-94BF-0219C88E2CC8}.Release|Any CPU.ActiveCfg = Release|Any CPU
		{C5ACC5E1-5445-4056-94BF-0219C88E2CC8}.Release|Any CPU.Build.0 = Release|Any CPU
		{C19F803F-C244-46BC-AA7A-AA0120E92411}.Debug|Any CPU.ActiveCfg = Debug|Any CPU
		{C19F803F-C244-46BC-AA7A-AA0120E92411}.Debug|Any CPU.Build.0 = Debug|Any CPU
		{C19F803F-C244-46BC-AA7A-AA0120E92411}.Release|Any CPU.ActiveCfg = Release|Any CPU
		{C19F803F-C244-46BC-AA7A-AA0120E92411}.Release|Any CPU.Build.0 = Release|Any CPU
		{9E5B2681-E134-48DA-8F70-1E8B669BF095}.Debug|Any CPU.ActiveCfg = Debug|Any CPU
		{9E5B2681-E134-48DA-8F70-1E8B669BF095}.Debug|Any CPU.Build.0 = Debug|Any CPU
		{9E5B2681-E134-48DA-8F70-1E8B669BF095}.Release|Any CPU.ActiveCfg = Release|Any CPU
		{9E5B2681-E134-48DA-8F70-1E8B669BF095}.Release|Any CPU.Build.0 = Release|Any CPU
		{9B6CF87E-5F12-4639-8AC2-B907F65940C4}.Debug|Any CPU.ActiveCfg = Debug|Any CPU
		{9B6CF87E-5F12-4639-8AC2-B907F65940C4}.Debug|Any CPU.Build.0 = Debug|Any CPU
		{9B6CF87E-5F12-4639-8AC2-B907F65940C4}.Release|Any CPU.ActiveCfg = Release|Any CPU
		{9B6CF87E-5F12-4639-8AC2-B907F65940C4}.Release|Any CPU.Build.0 = Release|Any CPU
		{3ACE4B3C-7A78-4C0A-AE73-84AF5B121543}.Debug|Any CPU.ActiveCfg = Debug|Any CPU
		{3ACE4B3C-7A78-4C0A-AE73-84AF5B121543}.Debug|Any CPU.Build.0 = Debug|Any CPU
		{3ACE4B3C-7A78-4C0A-AE73-84AF5B121543}.Release|Any CPU.ActiveCfg = Release|Any CPU
		{3ACE4B3C-7A78-4C0A-AE73-84AF5B121543}.Release|Any CPU.Build.0 = Release|Any CPU
		{C11BDE26-E225-4F21-B40C-81E46CAD0591}.Debug|Any CPU.ActiveCfg = Debug|Any CPU
		{C11BDE26-E225-4F21-B40C-81E46CAD0591}.Debug|Any CPU.Build.0 = Debug|Any CPU
		{C11BDE26-E225-4F21-B40C-81E46CAD0591}.Release|Any CPU.ActiveCfg = Release|Any CPU
		{C11BDE26-E225-4F21-B40C-81E46CAD0591}.Release|Any CPU.Build.0 = Release|Any CPU
		{3646687B-1E50-4F1B-B680-C4C0CBE88E8E}.Debug|Any CPU.ActiveCfg = Debug|Any CPU
		{3646687B-1E50-4F1B-B680-C4C0CBE88E8E}.Debug|Any CPU.Build.0 = Debug|Any CPU
		{3646687B-1E50-4F1B-B680-C4C0CBE88E8E}.Release|Any CPU.ActiveCfg = Release|Any CPU
		{3646687B-1E50-4F1B-B680-C4C0CBE88E8E}.Release|Any CPU.Build.0 = Release|Any CPU
		{AE1F0C51-0A1F-4930-A13F-CD4D31DEB14D}.Debug|Any CPU.ActiveCfg = Debug|Any CPU
		{AE1F0C51-0A1F-4930-A13F-CD4D31DEB14D}.Debug|Any CPU.Build.0 = Debug|Any CPU
		{AE1F0C51-0A1F-4930-A13F-CD4D31DEB14D}.Release|Any CPU.ActiveCfg = Release|Any CPU
		{AE1F0C51-0A1F-4930-A13F-CD4D31DEB14D}.Release|Any CPU.Build.0 = Release|Any CPU
		{013475C5-B547-4FDB-950A-3BC5E688063C}.Debug|Any CPU.ActiveCfg = Debug|Any CPU
		{013475C5-B547-4FDB-950A-3BC5E688063C}.Debug|Any CPU.Build.0 = Debug|Any CPU
		{013475C5-B547-4FDB-950A-3BC5E688063C}.Release|Any CPU.ActiveCfg = Release|Any CPU
		{013475C5-B547-4FDB-950A-3BC5E688063C}.Release|Any CPU.Build.0 = Release|Any CPU
		{476E1290-E54D-43FA-93BE-FE6D7BE5D6F8}.Debug|Any CPU.ActiveCfg = Debug|Any CPU
		{476E1290-E54D-43FA-93BE-FE6D7BE5D6F8}.Debug|Any CPU.Build.0 = Debug|Any CPU
		{476E1290-E54D-43FA-93BE-FE6D7BE5D6F8}.Release|Any CPU.ActiveCfg = Release|Any CPU
		{476E1290-E54D-43FA-93BE-FE6D7BE5D6F8}.Release|Any CPU.Build.0 = Release|Any CPU
		{A5EDA023-C039-4368-AC54-FE0864DF1DBE}.Debug|Any CPU.ActiveCfg = Debug|Any CPU
		{A5EDA023-C039-4368-AC54-FE0864DF1DBE}.Debug|Any CPU.Build.0 = Debug|Any CPU
		{A5EDA023-C039-4368-AC54-FE0864DF1DBE}.Release|Any CPU.ActiveCfg = Release|Any CPU
		{A5EDA023-C039-4368-AC54-FE0864DF1DBE}.Release|Any CPU.Build.0 = Release|Any CPU
		{F13B03F1-5E1F-474F-8BFD-663B41054F11}.Debug|Any CPU.ActiveCfg = Debug|Any CPU
		{F13B03F1-5E1F-474F-8BFD-663B41054F11}.Debug|Any CPU.Build.0 = Debug|Any CPU
		{F13B03F1-5E1F-474F-8BFD-663B41054F11}.Release|Any CPU.ActiveCfg = Release|Any CPU
		{F13B03F1-5E1F-474F-8BFD-663B41054F11}.Release|Any CPU.Build.0 = Release|Any CPU
		{1B960B03-124E-488B-959C-23B693844D38}.Debug|Any CPU.ActiveCfg = Debug|Any CPU
		{1B960B03-124E-488B-959C-23B693844D38}.Debug|Any CPU.Build.0 = Debug|Any CPU
		{1B960B03-124E-488B-959C-23B693844D38}.Release|Any CPU.ActiveCfg = Release|Any CPU
		{1B960B03-124E-488B-959C-23B693844D38}.Release|Any CPU.Build.0 = Release|Any CPU
		{9191EFEA-14F3-4F9A-A8C9-0A2768E716F2}.Debug|Any CPU.ActiveCfg = Debug|Any CPU
		{9191EFEA-14F3-4F9A-A8C9-0A2768E716F2}.Debug|Any CPU.Build.0 = Debug|Any CPU
		{9191EFEA-14F3-4F9A-A8C9-0A2768E716F2}.Release|Any CPU.ActiveCfg = Release|Any CPU
		{9191EFEA-14F3-4F9A-A8C9-0A2768E716F2}.Release|Any CPU.Build.0 = Release|Any CPU
		{AA739199-8F9C-4F50-9C19-4219581BB2A9}.Debug|Any CPU.ActiveCfg = Debug|Any CPU
		{AA739199-8F9C-4F50-9C19-4219581BB2A9}.Debug|Any CPU.Build.0 = Debug|Any CPU
		{AA739199-8F9C-4F50-9C19-4219581BB2A9}.Release|Any CPU.ActiveCfg = Release|Any CPU
		{AA739199-8F9C-4F50-9C19-4219581BB2A9}.Release|Any CPU.Build.0 = Release|Any CPU
		{A7CDA4C5-ADCC-4559-A467-9BC61D2728B1}.Debug|Any CPU.ActiveCfg = Debug|Any CPU
		{A7CDA4C5-ADCC-4559-A467-9BC61D2728B1}.Debug|Any CPU.Build.0 = Debug|Any CPU
		{A7CDA4C5-ADCC-4559-A467-9BC61D2728B1}.Release|Any CPU.ActiveCfg = Release|Any CPU
		{A7CDA4C5-ADCC-4559-A467-9BC61D2728B1}.Release|Any CPU.Build.0 = Release|Any CPU
		{B003E914-3A2F-42D3-8236-1CE362C39637}.Debug|Any CPU.ActiveCfg = Debug|Any CPU
		{B003E914-3A2F-42D3-8236-1CE362C39637}.Debug|Any CPU.Build.0 = Debug|Any CPU
		{B003E914-3A2F-42D3-8236-1CE362C39637}.Release|Any CPU.ActiveCfg = Release|Any CPU
		{B003E914-3A2F-42D3-8236-1CE362C39637}.Release|Any CPU.Build.0 = Release|Any CPU
		{88291F0C-B6EE-4CB0-B4DA-A8FCABA9CCDE}.Debug|Any CPU.ActiveCfg = Debug|Any CPU
		{88291F0C-B6EE-4CB0-B4DA-A8FCABA9CCDE}.Debug|Any CPU.Build.0 = Debug|Any CPU
		{88291F0C-B6EE-4CB0-B4DA-A8FCABA9CCDE}.Release|Any CPU.ActiveCfg = Release|Any CPU
		{88291F0C-B6EE-4CB0-B4DA-A8FCABA9CCDE}.Release|Any CPU.Build.0 = Release|Any CPU
		{23A73B7D-E2AC-4EE1-BFF5-67E9E4B608A8}.Debug|Any CPU.ActiveCfg = Debug|Any CPU
		{23A73B7D-E2AC-4EE1-BFF5-67E9E4B608A8}.Debug|Any CPU.Build.0 = Debug|Any CPU
		{23A73B7D-E2AC-4EE1-BFF5-67E9E4B608A8}.Release|Any CPU.ActiveCfg = Release|Any CPU
		{23A73B7D-E2AC-4EE1-BFF5-67E9E4B608A8}.Release|Any CPU.Build.0 = Release|Any CPU
		{AED73EC9-96E7-45D7-9CA8-9A43773107AD}.Debug|Any CPU.ActiveCfg = Debug|Any CPU
		{AED73EC9-96E7-45D7-9CA8-9A43773107AD}.Debug|Any CPU.Build.0 = Debug|Any CPU
		{AED73EC9-96E7-45D7-9CA8-9A43773107AD}.Release|Any CPU.ActiveCfg = Release|Any CPU
		{AED73EC9-96E7-45D7-9CA8-9A43773107AD}.Release|Any CPU.Build.0 = Release|Any CPU
		{132721A0-CF7F-408B-8B82-2D78B8F275E3}.Debug|Any CPU.ActiveCfg = Debug|Any CPU
		{132721A0-CF7F-408B-8B82-2D78B8F275E3}.Debug|Any CPU.Build.0 = Debug|Any CPU
		{132721A0-CF7F-408B-8B82-2D78B8F275E3}.Release|Any CPU.ActiveCfg = Release|Any CPU
		{132721A0-CF7F-408B-8B82-2D78B8F275E3}.Release|Any CPU.Build.0 = Release|Any CPU
		{4320A11F-2E83-4180-A2B7-CBD7A1414CFC}.Debug|Any CPU.ActiveCfg = Debug|Any CPU
		{4320A11F-2E83-4180-A2B7-CBD7A1414CFC}.Debug|Any CPU.Build.0 = Debug|Any CPU
		{4320A11F-2E83-4180-A2B7-CBD7A1414CFC}.Release|Any CPU.ActiveCfg = Release|Any CPU
		{4320A11F-2E83-4180-A2B7-CBD7A1414CFC}.Release|Any CPU.Build.0 = Release|Any CPU
		{EBDAF251-5972-4CD7-BC1F-67AE6765E309}.Debug|Any CPU.ActiveCfg = Debug|Any CPU
		{EBDAF251-5972-4CD7-BC1F-67AE6765E309}.Debug|Any CPU.Build.0 = Debug|Any CPU
		{EBDAF251-5972-4CD7-BC1F-67AE6765E309}.Release|Any CPU.ActiveCfg = Release|Any CPU
		{EBDAF251-5972-4CD7-BC1F-67AE6765E309}.Release|Any CPU.Build.0 = Release|Any CPU
		{21AD7997-7FF0-47C8-BF3A-BB5B85F61A86}.Debug|Any CPU.ActiveCfg = Debug|Any CPU
		{21AD7997-7FF0-47C8-BF3A-BB5B85F61A86}.Debug|Any CPU.Build.0 = Debug|Any CPU
		{21AD7997-7FF0-47C8-BF3A-BB5B85F61A86}.Release|Any CPU.ActiveCfg = Release|Any CPU
		{21AD7997-7FF0-47C8-BF3A-BB5B85F61A86}.Release|Any CPU.Build.0 = Release|Any CPU
		{084A2AFF-3B1E-4853-A8E0-CB4512A11DA4}.Debug|Any CPU.ActiveCfg = Debug|Any CPU
		{084A2AFF-3B1E-4853-A8E0-CB4512A11DA4}.Debug|Any CPU.Build.0 = Debug|Any CPU
		{084A2AFF-3B1E-4853-A8E0-CB4512A11DA4}.Release|Any CPU.ActiveCfg = Release|Any CPU
		{084A2AFF-3B1E-4853-A8E0-CB4512A11DA4}.Release|Any CPU.Build.0 = Release|Any CPU
		{E73B2B33-7A91-4131-B17C-C2DB4404B58B}.Debug|Any CPU.ActiveCfg = Debug|Any CPU
		{E73B2B33-7A91-4131-B17C-C2DB4404B58B}.Debug|Any CPU.Build.0 = Debug|Any CPU
		{E73B2B33-7A91-4131-B17C-C2DB4404B58B}.Release|Any CPU.ActiveCfg = Release|Any CPU
		{E73B2B33-7A91-4131-B17C-C2DB4404B58B}.Release|Any CPU.Build.0 = Release|Any CPU
		{E79A0097-D6BA-44FC-8A52-9CD65563E8E3}.Debug|Any CPU.ActiveCfg = Debug|Any CPU
		{E79A0097-D6BA-44FC-8A52-9CD65563E8E3}.Debug|Any CPU.Build.0 = Debug|Any CPU
		{E79A0097-D6BA-44FC-8A52-9CD65563E8E3}.Release|Any CPU.ActiveCfg = Release|Any CPU
		{E79A0097-D6BA-44FC-8A52-9CD65563E8E3}.Release|Any CPU.Build.0 = Release|Any CPU
		{D31D78F3-AB0A-4985-A03C-A99EBD2E4DAF}.Debug|Any CPU.ActiveCfg = Debug|Any CPU
		{D31D78F3-AB0A-4985-A03C-A99EBD2E4DAF}.Debug|Any CPU.Build.0 = Debug|Any CPU
		{D31D78F3-AB0A-4985-A03C-A99EBD2E4DAF}.Release|Any CPU.ActiveCfg = Release|Any CPU
		{D31D78F3-AB0A-4985-A03C-A99EBD2E4DAF}.Release|Any CPU.Build.0 = Release|Any CPU
		{3380B494-9D2F-4079-BD43-679DEA9EDDE1}.Debug|Any CPU.ActiveCfg = Debug|Any CPU
		{3380B494-9D2F-4079-BD43-679DEA9EDDE1}.Debug|Any CPU.Build.0 = Debug|Any CPU
		{3380B494-9D2F-4079-BD43-679DEA9EDDE1}.Release|Any CPU.ActiveCfg = Release|Any CPU
		{3380B494-9D2F-4079-BD43-679DEA9EDDE1}.Release|Any CPU.Build.0 = Release|Any CPU
		{5F2A4724-CAD0-4760-BCAB-9DBF9762AA70}.Debug|Any CPU.ActiveCfg = Debug|Any CPU
		{5F2A4724-CAD0-4760-BCAB-9DBF9762AA70}.Debug|Any CPU.Build.0 = Debug|Any CPU
		{5F2A4724-CAD0-4760-BCAB-9DBF9762AA70}.Release|Any CPU.ActiveCfg = Release|Any CPU
		{5F2A4724-CAD0-4760-BCAB-9DBF9762AA70}.Release|Any CPU.Build.0 = Release|Any CPU
		{205ADEE4-ADC9-4F16-8E98-9B861A5B6DA2}.Debug|Any CPU.ActiveCfg = Debug|Any CPU
		{205ADEE4-ADC9-4F16-8E98-9B861A5B6DA2}.Debug|Any CPU.Build.0 = Debug|Any CPU
		{205ADEE4-ADC9-4F16-8E98-9B861A5B6DA2}.Release|Any CPU.ActiveCfg = Release|Any CPU
		{205ADEE4-ADC9-4F16-8E98-9B861A5B6DA2}.Release|Any CPU.Build.0 = Release|Any CPU
		{EE8325B2-8C15-427B-93F7-52A9B02B4CB1}.Debug|Any CPU.ActiveCfg = Debug|Any CPU
		{EE8325B2-8C15-427B-93F7-52A9B02B4CB1}.Debug|Any CPU.Build.0 = Debug|Any CPU
		{EE8325B2-8C15-427B-93F7-52A9B02B4CB1}.Release|Any CPU.ActiveCfg = Release|Any CPU
		{EE8325B2-8C15-427B-93F7-52A9B02B4CB1}.Release|Any CPU.Build.0 = Release|Any CPU
		{F47FE2E9-B173-45DE-A73B-F275034FBE9D}.Debug|Any CPU.ActiveCfg = Debug|Any CPU
		{F47FE2E9-B173-45DE-A73B-F275034FBE9D}.Debug|Any CPU.Build.0 = Debug|Any CPU
		{F47FE2E9-B173-45DE-A73B-F275034FBE9D}.Release|Any CPU.ActiveCfg = Release|Any CPU
		{F47FE2E9-B173-45DE-A73B-F275034FBE9D}.Release|Any CPU.Build.0 = Release|Any CPU
		{F2B19176-AB14-42A0-8132-9D20B4776FB1}.Debug|Any CPU.ActiveCfg = Debug|Any CPU
		{F2B19176-AB14-42A0-8132-9D20B4776FB1}.Debug|Any CPU.Build.0 = Debug|Any CPU
		{F2B19176-AB14-42A0-8132-9D20B4776FB1}.Release|Any CPU.ActiveCfg = Release|Any CPU
		{F2B19176-AB14-42A0-8132-9D20B4776FB1}.Release|Any CPU.Build.0 = Release|Any CPU
		{9972DC28-A8C7-40D4-B6F0-FDD50F6338F3}.Debug|Any CPU.ActiveCfg = Debug|Any CPU
		{9972DC28-A8C7-40D4-B6F0-FDD50F6338F3}.Debug|Any CPU.Build.0 = Debug|Any CPU
		{9972DC28-A8C7-40D4-B6F0-FDD50F6338F3}.Release|Any CPU.ActiveCfg = Release|Any CPU
		{9972DC28-A8C7-40D4-B6F0-FDD50F6338F3}.Release|Any CPU.Build.0 = Release|Any CPU
		{607C0F76-22DA-45B2-A414-33B21DBA02DC}.Debug|Any CPU.ActiveCfg = Debug|Any CPU
		{607C0F76-22DA-45B2-A414-33B21DBA02DC}.Debug|Any CPU.Build.0 = Debug|Any CPU
		{607C0F76-22DA-45B2-A414-33B21DBA02DC}.Release|Any CPU.ActiveCfg = Release|Any CPU
		{607C0F76-22DA-45B2-A414-33B21DBA02DC}.Release|Any CPU.Build.0 = Release|Any CPU
		{91FAA577-1255-4629-B157-69373856E009}.Debug|Any CPU.ActiveCfg = Debug|Any CPU
		{91FAA577-1255-4629-B157-69373856E009}.Debug|Any CPU.Build.0 = Debug|Any CPU
		{91FAA577-1255-4629-B157-69373856E009}.Release|Any CPU.ActiveCfg = Release|Any CPU
		{91FAA577-1255-4629-B157-69373856E009}.Release|Any CPU.Build.0 = Release|Any CPU
		{59EBBED5-477A-4966-8405-C27AF3D7725E}.Debug|Any CPU.ActiveCfg = Debug|Any CPU
		{59EBBED5-477A-4966-8405-C27AF3D7725E}.Debug|Any CPU.Build.0 = Debug|Any CPU
		{59EBBED5-477A-4966-8405-C27AF3D7725E}.Release|Any CPU.ActiveCfg = Release|Any CPU
		{59EBBED5-477A-4966-8405-C27AF3D7725E}.Release|Any CPU.Build.0 = Release|Any CPU
		{D63A1009-526C-4CB5-B7B2-A5844D929A0C}.Debug|Any CPU.ActiveCfg = Debug|Any CPU
		{D63A1009-526C-4CB5-B7B2-A5844D929A0C}.Debug|Any CPU.Build.0 = Debug|Any CPU
		{D63A1009-526C-4CB5-B7B2-A5844D929A0C}.Release|Any CPU.ActiveCfg = Release|Any CPU
		{D63A1009-526C-4CB5-B7B2-A5844D929A0C}.Release|Any CPU.Build.0 = Release|Any CPU
		{91AAC64D-7B0D-4BB6-B6A3-6B8BF442A861}.Debug|Any CPU.ActiveCfg = Debug|Any CPU
		{91AAC64D-7B0D-4BB6-B6A3-6B8BF442A861}.Debug|Any CPU.Build.0 = Debug|Any CPU
		{91AAC64D-7B0D-4BB6-B6A3-6B8BF442A861}.Release|Any CPU.ActiveCfg = Release|Any CPU
		{91AAC64D-7B0D-4BB6-B6A3-6B8BF442A861}.Release|Any CPU.Build.0 = Release|Any CPU
		{0AC81EFB-EAD9-4530-9644-2BB05F6FD7D3}.Debug|Any CPU.ActiveCfg = Debug|Any CPU
		{0AC81EFB-EAD9-4530-9644-2BB05F6FD7D3}.Debug|Any CPU.Build.0 = Debug|Any CPU
		{0AC81EFB-EAD9-4530-9644-2BB05F6FD7D3}.Release|Any CPU.ActiveCfg = Release|Any CPU
		{0AC81EFB-EAD9-4530-9644-2BB05F6FD7D3}.Release|Any CPU.Build.0 = Release|Any CPU
		{09B7852A-07AE-47FF-B70D-1F3923C40D12}.Debug|Any CPU.ActiveCfg = Debug|Any CPU
		{09B7852A-07AE-47FF-B70D-1F3923C40D12}.Debug|Any CPU.Build.0 = Debug|Any CPU
		{09B7852A-07AE-47FF-B70D-1F3923C40D12}.Release|Any CPU.ActiveCfg = Release|Any CPU
		{09B7852A-07AE-47FF-B70D-1F3923C40D12}.Release|Any CPU.Build.0 = Release|Any CPU
		{393E7EBA-1B94-42A4-9263-232176A3898E}.Debug|Any CPU.ActiveCfg = Debug|Any CPU
		{393E7EBA-1B94-42A4-9263-232176A3898E}.Debug|Any CPU.Build.0 = Debug|Any CPU
		{393E7EBA-1B94-42A4-9263-232176A3898E}.Release|Any CPU.ActiveCfg = Release|Any CPU
		{393E7EBA-1B94-42A4-9263-232176A3898E}.Release|Any CPU.Build.0 = Release|Any CPU
		{58C52D6E-BD29-4D8F-9BE9-D3969BB00182}.Debug|Any CPU.ActiveCfg = Debug|Any CPU
		{58C52D6E-BD29-4D8F-9BE9-D3969BB00182}.Debug|Any CPU.Build.0 = Debug|Any CPU
		{58C52D6E-BD29-4D8F-9BE9-D3969BB00182}.Release|Any CPU.ActiveCfg = Release|Any CPU
		{58C52D6E-BD29-4D8F-9BE9-D3969BB00182}.Release|Any CPU.Build.0 = Release|Any CPU
	EndGlobalSection
	GlobalSection(SolutionProperties) = preSolution
		HideSolutionNode = FALSE
	EndGlobalSection
	GlobalSection(ExtensibilityGlobals) = postSolution
		SolutionGuid = {074C7F5A-B976-414B-8CD9-F963F3292144}
	EndGlobalSection
EndGlobal
