
Microsoft Visual Studio Solution File, Format Version 12.00
# Visual Studio Version 17
VisualStudioVersion = 17.0.32112.339
MinimumVisualStudioVersion = 10.0.40219.1
Project("{FAE04EC0-301F-11D3-BF4B-00C04F79EFBC}") = "A003_Console", "A003_Console\A003_Console.csproj", "{DB0D4710-360C-46B6-9BCB-73437C8DC737}"
EndProject
Project("{FAE04EC0-301F-11D3-BF4B-00C04F79EFBC}") = "A002_HelloWorld", "A002_HelloWorld\A002_HelloWorld.csproj", "{E383E317-C70A-4D96-9C0B-D0BFBAD0B4C1}"
EndProject
Project("{FAE04EC0-301F-11D3-BF4B-00C04F79EFBC}") = "A004_Variable", "A004_Variable\A004_Variable.csproj", "{2159B577-F49B-48E2-90CA-4A0349087512}"
EndProject
Project("{FAE04EC0-301F-11D3-BF4B-00C04F79EFBC}") = "A005_String", "A005_String\A005_String.csproj", "{B87AA634-CA51-411C-B641-B9E537E418AC}"
EndProject
Project("{FAE04EC0-301F-11D3-BF4B-00C04F79EFBC}") = "A006_Assignment", "A006_Assignment\A006_Assignment.csproj", "{B40ED965-6721-4295-8E99-9045A060F740}"
EndProject
Project("{FAE04EC0-301F-11D3-BF4B-00C04F79EFBC}") = "A007_ConsoleWriteLine", "A007_ConsoleWriteLine\A007_ConsoleWriteLine.csproj", "{5B1764D7-10E2-49B8-B011-0C112D2B1609}"
EndProject
Project("{FAE04EC0-301F-11D3-BF4B-00C04F79EFBC}") = "A008_ConsoleWriteMulti", "A008_ConsoleWriteMulti\A008_ConsoleWriteMulti.csproj", "{9AE37B66-3BE1-4449-8096-CA42B79EA1D1}"
EndProject
Project("{FAE04EC0-301F-11D3-BF4B-00C04F79EFBC}") = "A009_VariablesAndWrite", "A009_VariablesAndWrite\A009_VariablesAndWrite.csproj", "{9C2268AF-21F5-434F-820D-368591B17A40}"
EndProject
Project("{FAE04EC0-301F-11D3-BF4B-00C04F79EFBC}") = "A010_ConsoleFormat", "A010_ConsoleFormat\A010_ConsoleFormat.csproj", "{4571CDFE-DAF8-4933-BCA0-198278C559B8}"
EndProject
Project("{FAE04EC0-301F-11D3-BF4B-00C04F79EFBC}") = "A011_FormatSpecifier", "A011_FormatSpecifier\A011_FormatSpecifier.csproj", "{5FA59820-E5F8-49FA-82C3-C36DCC9D49A5}"
EndProject
Project("{FAE04EC0-301F-11D3-BF4B-00C04F79EFBC}") = "A012_FloatDoubleDecimal", "A012_FloatDoubleDecimal\A012_FloatDoubleDecimal.csproj", "{2D61E8D0-4C90-4415-A02A-3A6E819C5FEB}"
EndProject
Project("{FAE04EC0-301F-11D3-BF4B-00C04F79EFBC}") = "A013_TypeConversion", "A013_TypeConversion\A013_TypeConversion.csproj", "{6C61EFC1-C593-4514-B6CB-E530531D372C}"
EndProject
Project("{FAE04EC0-301F-11D3-BF4B-00C04F79EFBC}") = "A014_StringToNumber", "A014_StringToNumber\A014_StringToNumber.csproj", "{814A0907-F764-46C2-9130-B7AB20BBF1E1}"
EndProject
Project("{FAE04EC0-301F-11D3-BF4B-00C04F79EFBC}") = "A015_Convert", "A015_Convert\A015_Convert.csproj", "{06A68C74-FBFF-4F32-9C56-24421D544212}"
EndProject
Project("{FAE04EC0-301F-11D3-BF4B-00C04F79EFBC}") = "A016_Operators", "A016_Operators\A016_Operators.csproj", "{EC0F13D0-84F0-46CD-AA96-A2577A99B4C7}"
EndProject
Project("{FAE04EC0-301F-11D3-BF4B-00C04F79EFBC}") = "A017_ArithmeticOperators", "A017_ArithmeticOperators\A017_ArithmeticOperators.csproj", "{C5ACC5E1-5445-4056-94BF-0219C88E2CC8}"
EndProject
Project("{FAE04EC0-301F-11D3-BF4B-00C04F79EFBC}") = "A018_DivideByZero", "A018_DivideByZero\A018_DivideByZero.csproj", "{C19F803F-C244-46BC-AA7A-AA0120E92411}"
EndProject
Project("{FAE04EC0-301F-11D3-BF4B-00C04F79EFBC}") = "A019_Overflow", "A019_Overflow\A019_Overflow.csproj", "{9E5B2681-E134-48DA-8F70-1E8B669BF095}"
EndProject
Project("{FAE04EC0-301F-11D3-BF4B-00C04F79EFBC}") = "A020_RelatinoalOperator", "A020_RelatinoalOperator\A020_RelatinoalOperator.csproj", "{9B6CF87E-5F12-4639-8AC2-B907F65940C4}"
EndProject
Project("{FAE04EC0-301F-11D3-BF4B-00C04F79EFBC}") = "A021_LogicalOperators", "A021_LogicalOperators\A021_LogicalOperators.csproj", "{3ACE4B3C-7A78-4C0A-AE73-84AF5B121543}"
EndProject
Project("{FAE04EC0-301F-11D3-BF4B-00C04F79EFBC}") = "A022_BitwiseOperators", "A022_BitwiseOperators\A022_BitwiseOperators.csproj", "{C11BDE26-E225-4F21-B40C-81E46CAD0591}"
EndProject
Project("{FAE04EC0-301F-11D3-BF4B-00C04F79EFBC}") = "A023_ConditionalOperator", "A023_ConditionalOperator\A023_ConditionalOperator.csproj", "{3646687B-1E50-4F1B-B680-C4C0CBE88E8E}"
EndProject
Project("{FAE04EC0-301F-11D3-BF4B-00C04F79EFBC}") = "A024_CompoundAssignment", "A024_CompoundAssignment\A024_CompoundAssignment.csproj", "{AE1F0C51-0A1F-4930-A13F-CD4D31DEB14D}"
EndProject
Project("{FAE04EC0-301F-11D3-BF4B-00C04F79EFBC}") = "A025_StringMethods", "A025_StringMethods\A025_StringMethods.csproj", "{013475C5-B547-4FDB-950A-3BC5E688063C}"
EndProject
Project("{FAE04EC0-301F-11D3-BF4B-00C04F79EFBC}") = "A026_SplitMethod", "A026_SplitMethod\A026_SplitMethod.csproj", "{476E1290-E54D-43FA-93BE-FE6D7BE5D6F8}"
EndProject
Project("{FAE04EC0-301F-11D3-BF4B-00C04F79EFBC}") = "A027_StringConcat", "A027_StringConcat\A027_StringConcat.csproj", "{A5EDA023-C039-4368-AC54-FE0864DF1DBE}"
EndProject
Project("{FAE04EC0-301F-11D3-BF4B-00C04F79EFBC}") = "A028_StringContains", "A028_StringContains\A028_StringContains.csproj", "{F13B03F1-5E1F-474F-8BFD-663B41054F11}"
EndProject
Project("{FAE04EC0-301F-11D3-BF4B-00C04F79EFBC}") = "A029_StringFormat", "A029_StringFormat\A029_StringFormat.csproj", "{1B960B03-124E-488B-959C-23B693844D38}"
EndProject
Project("{FAE04EC0-301F-11D3-BF4B-00C04F79EFBC}") = "A030_GroupSeparator", "A030_GroupSeparator\A030_GroupSeparator.csproj", "{9191EFEA-14F3-4F9A-A8C9-0A2768E716F2}"
EndProject
Project("{FAE04EC0-301F-11D3-BF4B-00C04F79EFBC}") = "A031_StringBuilder", "A031_StringBuilder\A031_StringBuilder.csproj", "{AA739199-8F9C-4F50-9C19-4219581BB2A9}"
EndProject
Project("{FAE04EC0-301F-11D3-BF4B-00C04F79EFBC}") = "A032_Enum", "A032_Enum\A032_Enum.csproj", "{A7CDA4C5-ADCC-4559-A467-9BC61D2728B1}"
EndProject
Project("{FAE04EC0-301F-11D3-BF4B-00C04F79EFBC}") = "A033_ConstAndReadonly", "A033_ConstAndReadonly\A033_ConstAndReadonly.csproj", "{B003E914-3A2F-42D3-8236-1CE362C39637}"
EndProject
Project("{FAE04EC0-301F-11D3-BF4B-00C04F79EFBC}") = "A034_ValueAndReference", "A034_ValueAndReference\A034_ValueAndReference.csproj", "{88291F0C-B6EE-4CB0-B4DA-A8FCABA9CCDE}"
EndProject
Project("{FAE04EC0-301F-11D3-BF4B-00C04F79EFBC}") = "A035_PassingArrayAndObject", "A035_PassingArrayAndObject\A035_PassingArrayAndObject.csproj", "{23A73B7D-E2AC-4EE1-BFF5-67E9E4B608A8}"
EndProject
Project("{FAE04EC0-301F-11D3-BF4B-00C04F79EFBC}") = "A036_NullCondirionalOperator", "A036_NullCondirionalOperator\A036_NullCondirionalOperator.csproj", "{AED73EC9-96E7-45D7-9CA8-9A43773107AD}"
EndProject
Project("{FAE04EC0-301F-11D3-BF4B-00C04F79EFBC}") = "A037_Deafult", "A037_Deafult\A037_Deafult.csproj", "{132721A0-CF7F-408B-8B82-2D78B8F275E3}"
EndProject
Project("{FAE04EC0-301F-11D3-BF4B-00C04F79EFBC}") = "A038_Nullable", "A038_Nullable\A038_Nullable.csproj", "{4320A11F-2E83-4180-A2B7-CBD7A1414CFC}"
EndProject
Project("{FAE04EC0-301F-11D3-BF4B-00C04F79EFBC}") = "A039_Object", "A039_Object\A039_Object.csproj", "{EBDAF251-5972-4CD7-BC1F-67AE6765E309}"
EndProject
Project("{FAE04EC0-301F-11D3-BF4B-00C04F79EFBC}") = "A040_LeapYear", "A040_LeapYear\A040_LeapYear.csproj", "{21AD7997-7FF0-47C8-BF3A-BB5B85F61A86}"
EndProject
Project("{FAE04EC0-301F-11D3-BF4B-00C04F79EFBC}") = "A041_Grading", "A041_Grading\A041_Grading.csproj", "{084A2AFF-3B1E-4853-A8E0-CB4512A11DA4}"
EndProject
Project("{FAE04EC0-301F-11D3-BF4B-00C04F79EFBC}") = "A042_BMI", "A042_BMI\A042_BMI.csproj", "{E73B2B33-7A91-4131-B17C-C2DB4404B58B}"
EndProject
Project("{FAE04EC0-301F-11D3-BF4B-00C04F79EFBC}") = "A043_Loop", "A043_Loop\A043_Loop.csproj", "{E79A0097-D6BA-44FC-8A52-9CD65563E8E3}"
EndProject
Project("{FAE04EC0-301F-11D3-BF4B-00C04F79EFBC}") = "A044_NumberSystem", "A044_NumberSystem\A044_NumberSystem.csproj", "{D31D78F3-AB0A-4985-A03C-A99EBD2E4DAF}"
EndProject
Project("{FAE04EC0-301F-11D3-BF4B-00C04F79EFBC}") = "A045_MultiplicationTable", "A045_MultiplicationTable\A045_MultiplicationTable.csproj", "{3380B494-9D2F-4079-BD43-679DEA9EDDE1}"
EndProject
Project("{FAE04EC0-301F-11D3-BF4B-00C04F79EFBC}") = "A046_MinMax", "A046_MinMax\A046_MinMax.csproj", "{5F2A4724-CAD0-4760-BCAB-9DBF9762AA70}"
EndProject
Project("{FAE04EC0-301F-11D3-BF4B-00C04F79EFBC}") = "A047_Power", "A047_Power\A047_Power.csproj", "{205ADEE4-ADC9-4F16-8E98-9B861A5B6DA2}"
EndProject
Project("{FAE04EC0-301F-11D3-BF4B-00C04F79EFBC}") = "A048_Factorial", "A048_Factorial\A048_Factorial.csproj", "{EE8325B2-8C15-427B-93F7-52A9B02B4CB1}"
EndProject
Project("{FAE04EC0-301F-11D3-BF4B-00C04F79EFBC}") = "A049_PrimeNumber", "A049_PrimeNumber\A049_PrimeNumber.csproj", "{F47FE2E9-B173-45DE-A73B-F275034FBE9D}"
EndProject
Project("{FAE04EC0-301F-11D3-BF4B-00C04F79EFBC}") = "A050_FindingPI", "A050_FindingPI\A050_FindingPI.csproj", "{F2B19176-AB14-42A0-8132-9D20B4776FB1}"
EndProject
Project("{FAE04EC0-301F-11D3-BF4B-00C04F79EFBC}") = "A051_InfiniteLoop", "A051_InfiniteLoop\A051_InfiniteLoop.csproj", "{9972DC28-A8C7-40D4-B6F0-FDD50F6338F3}"
EndProject
Project("{FAE04EC0-301F-11D3-BF4B-00C04F79EFBC}") = "A052_UsingBreak", "A052_UsingBreak\A052_UsingBreak.csproj", "{607C0F76-22DA-45B2-A414-33B21DBA02DC}"
EndProject
Project("{FAE04EC0-301F-11D3-BF4B-00C04F79EFBC}") = "A053_SumOfFactorials", "A053_SumOfFactorials\A053_SumOfFactorials.csproj", "{91FAA577-1255-4629-B157-69373856E009}"
EndProject
Project("{FAE04EC0-301F-11D3-BF4B-00C04F79EFBC}") = "A054_TimesTable", "A054_TimesTable\A054_TimesTable.csproj", "{59EBBED5-477A-4966-8405-C27AF3D7725E}"
EndProject
Project("{FAE04EC0-301F-11D3-BF4B-00C04F79EFBC}") = "A055_PrimeNumbers", "A055_PrimeNumbers\A055_PrimeNumbers.csproj", "{D63A1009-526C-4CB5-B7B2-A5844D929A0C}"
EndProject
Project("{FAE04EC0-301F-11D3-BF4B-00C04F79EFBC}") = "A056_LoopPyramid", "A056_LoopPyramid\A056_LoopPyramid.csproj", "{91AAC64D-7B0D-4BB6-B6A3-6B8BF442A861}"
EndProject
Project("{FAE04EC0-301F-11D3-BF4B-00C04F79EFBC}") = "A057_ArrayBasic", "A057_ArrayBasic\A057_ArrayBasic.csproj", "{0AC81EFB-EAD9-4530-9644-2BB05F6FD7D3}"
EndProject
Project("{FAE04EC0-301F-11D3-BF4B-00C04F79EFBC}") = "A058_ArrayClass", "A058_ArrayClass\A058_ArrayClass.csproj", "{09B7852A-07AE-47FF-B70D-1F3923C40D12}"
EndProject
Project("{FAE04EC0-301F-11D3-BF4B-00C04F79EFBC}") = "A059_MultiDimensionArray", "A059_MultiDimensionArray\A059_MultiDimensionArray.csproj", "{393E7EBA-1B94-42A4-9263-232176A3898E}"
EndProject
Project("{FAE04EC0-301F-11D3-BF4B-00C04F79EFBC}") = "A060_ArraySorting", "A060_ArraySorting\A060_ArraySorting.csproj", "{58C52D6E-BD29-4D8F-9BE9-D3969BB00182}"
EndProject
Project("{FAE04EC0-301F-11D3-BF4B-00C04F79EFBC}") = "A061_RandomClass", "A061_RandomClass\A061_RandomClass.csproj", "{3E1250BE-DCB3-4BA0-A1E4-053C957765EB}"
EndProject
Project("{FAE04EC0-301F-11D3-BF4B-00C04F79EFBC}") = "A062_ArrayAndRandom", "A062_ArrayAndRandom\A062_ArrayAndRandom.csproj", "{18F205A4-6A05-43F4-8019-C3572A2BA0C1}"
EndProject
Project("{FAE04EC0-301F-11D3-BF4B-00C04F79EFBC}") = "A063_BinarySearch", "A063_BinarySearch\A063_BinarySearch.csproj", "{0203E45E-EB4A-4210-9B38-BB8D329CA212}"
EndProject
Project("{FAE04EC0-301F-11D3-BF4B-00C04F79EFBC}") = "A064_BubbleSort", "A064_BubbleSort\A064_BubbleSort.csproj", "{D2A08B16-4BB2-43F3-89C6-7C0622F28BD0}"
EndProject
Project("{FAE04EC0-301F-11D3-BF4B-00C04F79EFBC}") = "A065_ClassAndStruct", "A065_ClassAndStruct\A065_ClassAndStruct.csproj", "{6087919F-3957-43E7-9452-F3C3FDCB3164}"
EndProject
Project("{FAE04EC0-301F-11D3-BF4B-00C04F79EFBC}") = "A066_MemberVariable", "A066_MemberVariable\A066_MemberVariable.csproj", "{847BCC7E-FE44-4C38-B775-F7761464645A}"
EndProject
Project("{FAE04EC0-301F-11D3-BF4B-00C04F79EFBC}") = "A067_InstanceMethod", "A067_InstanceMethod\A067_InstanceMethod.csproj", "{0CB60162-3BB6-4B86-A7C8-A664854B8D90}"
EndProject
Project("{FAE04EC0-301F-11D3-BF4B-00C04F79EFBC}") = "A068_Constructor", "A068_Constructor\A068_Constructor.csproj", "{835A2BF4-131E-4A48-B533-94F0FCD995FA}"
EndProject
Project("{FAE04EC0-301F-11D3-BF4B-00C04F79EFBC}") = "A069_Property", "A069_Property\A069_Property.csproj", "{8B4DA2D5-0619-4E40-BC27-429046FCF3F3}"
EndProject
Project("{FAE04EC0-301F-11D3-BF4B-00C04F79EFBC}") = "A070_StaticMethods", "A070_StaticMethods\A070_StaticMethods.csproj", "{158F7504-9CA5-40D6-9D43-EFABDE631C26}"
EndProject
Project("{FAE04EC0-301F-11D3-BF4B-00C04F79EFBC}") = "A071_IsPrime", "A071_IsPrime\A071_IsPrime.csproj", "{26F58719-352C-43AE-93B3-6B1072AC1172}"
EndProject
Project("{FAE04EC0-301F-11D3-BF4B-00C04F79EFBC}") = "A072_IsLeapYear", "A072_IsLeapYear\A072_IsLeapYear.csproj", "{04DC930C-10EC-4ACD-951F-7350A255E8C2}"
EndProject
Project("{FAE04EC0-301F-11D3-BF4B-00C04F79EFBC}") = "A073_AgeCalculator", "A073_AgeCalculator\A073_AgeCalculator.csproj", "{11929189-3135-4DF1-A139-ABC4A493D601}"
EndProject
Project("{FAE04EC0-301F-11D3-BF4B-00C04F79EFBC}") = "A074_PyramidMethod", "A074_PyramidMethod\A074_PyramidMethod.csproj", "{38DFB5C1-91AC-453A-9567-C8BCC02F8F8E}"
EndProject
Project("{FAE04EC0-301F-11D3-BF4B-00C04F79EFBC}") = "A075_Factorial", "A075_Factorial\A075_Factorial.csproj", "{A0053971-EDF4-4C94-A64A-D0BDC8607F4D}"
EndProject
Project("{FAE04EC0-301F-11D3-BF4B-00C04F79EFBC}") = "A076_Add", "A076_Add\A076_Add.csproj", "{F84FD52F-4F57-4140-918B-B32ABA98BCE4}"
EndProject
Project("{FAE04EC0-301F-11D3-BF4B-00C04F79EFBC}") = "A077_Power", "A077_Power\A077_Power.csproj", "{D1190C0D-510C-40F4-9194-88CA5F749C96}"
EndProject
Project("{FAE04EC0-301F-11D3-BF4B-00C04F79EFBC}") = "A078_AreaOfCircle", "A078_AreaOfCircle\A078_AreaOfCircle.csproj", "{166F1AAF-27CC-45EF-996E-1694AFD47D21}"
EndProject
Project("{FAE04EC0-301F-11D3-BF4B-00C04F79EFBC}") = "A079_RecursivePower", "A079_RecursivePower\A079_RecursivePower.csproj", "{D2C220FF-AAE9-4F5D-A071-42613D50B0FB}"
EndProject
Project("{FAE04EC0-301F-11D3-BF4B-00C04F79EFBC}") = "A080_RecursiveFactorial", "A080_RecursiveFactorial\A080_RecursiveFactorial.csproj", "{5F25DF18-F4B0-483B-A6F9-419A7EE2EECB}"
EndProject
Project("{FAE04EC0-301F-11D3-BF4B-00C04F79EFBC}") = "A081_RecursiveSumOfReciprocal", "A081_RecursiveSumOfReciprocal\A081_RecursiveSumOfReciprocal.csproj", "{F80ECCC3-31F9-48DF-86B6-48706C5A80A7}"
EndProject
Project("{FAE04EC0-301F-11D3-BF4B-00C04F79EFBC}") = "A082_HanoiTower", "A082_HanoiTower\A082_HanoiTower.csproj", "{E0294FEA-42E4-4547-A151-D2E932073929}"
EndProject
Project("{FAE04EC0-301F-11D3-BF4B-00C04F79EFBC}") = "A083_RecursiveBinarySearch", "A083_RecursiveBinarySearch\A083_RecursiveBinarySearch.csproj", "{8D6663D8-1906-4D54-88A3-381A6539D9CC}"
EndProject
Project("{FAE04EC0-301F-11D3-BF4B-00C04F79EFBC}") = "A084_ExecutionTime", "A084_ExecutionTime\A084_ExecutionTime.csproj", "{3E60B96B-E83E-4194-B72E-88EC534104A3}"
EndProject
Project("{FAE04EC0-301F-11D3-BF4B-00C04F79EFBC}") = "A085_DateTime", "A085_DateTime\A085_DateTime.csproj", "{22220A18-2600-4DA8-B7B1-9CD91E7C98CF}"
EndProject
Project("{FAE04EC0-301F-11D3-BF4B-00C04F79EFBC}") = "A086_TimeSpan", "A086_TimeSpan\A086_TimeSpan.csproj", "{3F820D8D-ACC8-4AF2-A87D-007A3282F8B0}"
EndProject
Project("{FAE04EC0-301F-11D3-BF4B-00C04F79EFBC}") = "A087_LifeTimeCalc", "A087_LifeTimeCalc\A087_LifeTimeCalc.csproj", "{F4AD0580-A86E-48B8-8958-596359FF4BB2}"
EndProject
Project("{FAE04EC0-301F-11D3-BF4B-00C04F79EFBC}") = "A088_DateTimeFormat", "A088_DateTimeFormat\A088_DateTimeFormat.csproj", "{65D7A7F2-AF6E-45D5-87B6-9E7209EF970D}"
EndProject
Project("{FAE04EC0-301F-11D3-BF4B-00C04F79EFBC}") = "A089_MethodArguments", "A089_MethodArguments\A089_MethodArguments.csproj", "{616ADABE-9966-468A-B222-630E3B9188C7}"
EndProject
Project("{FAE04EC0-301F-11D3-BF4B-00C04F79EFBC}") = "A090_params", "A090_params\A090_params.csproj", "{B278C8E5-1AC0-431F-A8E6-40A1F63025D0}"
EndProject
Project("{FAE04EC0-301F-11D3-BF4B-00C04F79EFBC}") = "A091_OptionalNamedArguments", "A091_OptionalNamedArguments\A091_OptionalNamedArguments.csproj", "{71A4A22B-660F-47F8-84FB-51DDFF2052C3}"
EndProject
Project("{FAE04EC0-301F-11D3-BF4B-00C04F79EFBC}") = "A092_MethodOverloading", "A092_MethodOverloading\A092_MethodOverloading.csproj", "{398E4236-2780-4257-AFDB-C68208D4ED99}"
EndProject
Project("{FAE04EC0-301F-11D3-BF4B-00C04F79EFBC}") = "A094_GenericClass", "A094_GenericClass\A094_GenericClass.csproj", "{202813F6-9558-48A8-8836-2BA5CDDFD383}"
EndProject
Project("{FAE04EC0-301F-11D3-BF4B-00C04F79EFBC}") = "A095_GenericMethodUsingDynamic", "A095_GenericMethodUsingDynamic\A095_GenericMethodUsingDynamic.csproj", "{19E10BD3-6277-491E-8F7E-4106DF3A012F}"
EndProject
Project("{FAE04EC0-301F-11D3-BF4B-00C04F79EFBC}") = "A096_LinkedList", "A096_LinkedList\A096_LinkedList.csproj", "{027BE164-F063-4E2D-B8F1-56CC54C02FAF}"
EndProject
Project("{FAE04EC0-301F-11D3-BF4B-00C04F79EFBC}") = "A097_UsingLinkedList", "A097_UsingLinkedList\A097_UsingLinkedList.csproj", "{7069EB6D-3F62-4CCC-9511-9710CB26E2D6}"
EndProject
Project("{FAE04EC0-301F-11D3-BF4B-00C04F79EFBC}") = "A098_StackImplementation", "A098_StackImplementation\A098_StackImplementation.csproj", "{08C9B880-14C5-4149-BBE3-0C02B95780C7}"
EndProject
Project("{FAE04EC0-301F-11D3-BF4B-00C04F79EFBC}") = "A100_QueueImplementation", "QueueImplementation\A100_QueueImplementation.csproj", "{FCD0469E-F112-4FC2-80A1-0A33F7137B33}"
EndProject
Project("{FAE04EC0-301F-11D3-BF4B-00C04F79EFBC}") = "A102_ArrayList", "A102_ArrayList\A102_ArrayList.csproj", "{37541E6A-9B29-4001-BCA8-84DE58048E1D}"
EndProject
Project("{FAE04EC0-301F-11D3-BF4B-00C04F79EFBC}") = "A103_List", "A103_List\A103_List.csproj", "{45FA318C-66A2-44DD-A7CE-256EA0A6F990}"
EndProject
Project("{FAE04EC0-301F-11D3-BF4B-00C04F79EFBC}") = "A104_AlphabeticalSort", "A104_AlphabeticalSort\A104_AlphabeticalSort.csproj", "{D106236E-A28F-4A32-AE3C-347E9BBF1C7A}"
EndProject
Project("{FAE04EC0-301F-11D3-BF4B-00C04F79EFBC}") = "A105_IComparer", "A105_IComparer\A105_IComparer.csproj", "{32252966-0511-48E2-99B4-F5FE5ACC205F}"
EndProject
Project("{FAE04EC0-301F-11D3-BF4B-00C04F79EFBC}") = "A106_SortArrayPair", "A106_SortArrayPair\A106_SortArrayPair.csproj", "{29BD9156-A984-4ADB-BC27-AC48E5C72D8C}"
EndProject
Project("{FAE04EC0-301F-11D3-BF4B-00C04F79EFBC}") = "A107_IComparable", "A107_IComparable\A107_IComparable.csproj", "{C86C895E-3100-4F7D-B415-8A93A37E8CF0}"
EndProject
Project("{FAE04EC0-301F-11D3-BF4B-00C04F79EFBC}") = "A108_Queue", "A108_Queue\A108_Queue.csproj", "{832AF987-8643-4A02-8F29-5906C765920A}"
EndProject
Project("{FAE04EC0-301F-11D3-BF4B-00C04F79EFBC}") = "A109_Stack", "A109_Stack\A109_Stack.csproj", "{D4B6CDD9-D6AB-40B1-A7D2-1FC16788BCEB}"
EndProject
Project("{FAE04EC0-301F-11D3-BF4B-00C04F79EFBC}") = "A110_Dictionary", "A110_Dictionary\A110_Dictionary.csproj", "{81630884-D3C6-4CD2-83D3-A5F093F508DD}"
EndProject
Project("{FAE04EC0-301F-11D3-BF4B-00C04F79EFBC}") = "A111_SortedList", "A111_SortedList\A111_SortedList.csproj", "{7D8C69D7-9528-402F-A966-C37CF50BFBD2}"
EndProject
Project("{FAE04EC0-301F-11D3-BF4B-00C04F79EFBC}") = "A112_Indexer", "A112_Indexer\A112_Indexer.csproj", "{B48475B2-84A3-4FC0-AEDD-F2129024BE9E}"
EndProject
Project("{FAE04EC0-301F-11D3-BF4B-00C04F79EFBC}") = "A113_DelegateExample", "A113_DelegateExample\A113_DelegateExample.csproj", "{831AD8B1-DA65-4405-BDB7-F71A8A6E27FB}"
EndProject
Project("{FAE04EC0-301F-11D3-BF4B-00C04F79EFBC}") = "A114_AnonymousDelegate", "A114_AnonymousDelegate\A114_AnonymousDelegate.csproj", "{0EC9DD7B-68E9-4E43-A2AE-557F164E2A78}"
EndProject
Project("{FAE04EC0-301F-11D3-BF4B-00C04F79EFBC}") = "A115_FuncAndAction", "A115_FuncAndAction\A115_FuncAndAction.csproj", "{961808A8-974C-48E7-927E-FC5FB82238E9}"
EndProject
Project("{FAE04EC0-301F-11D3-BF4B-00C04F79EFBC}") = "A116_LambdaExpression", "A116_LambdaExpression\A116_LambdaExpression.csproj", "{0EF8014B-DBE0-45A6-9AAF-29AF5288902A}"
EndProject
Project("{FAE04EC0-301F-11D3-BF4B-00C04F79EFBC}") = "A117_LambdaExamples", "A117_LambdaExamples\A117_LambdaExamples.csproj", "{A6BCFBB5-6336-4658-81EC-B2F8D1EDBE2A}"
EndProject
Project("{FAE04EC0-301F-11D3-BF4B-00C04F79EFBC}") = "A118_Predicate", "A118_Predicate\A118_Predicate.csproj", "{AB15D955-EFD5-483B-B9F7-46E2B0F4914E}"
EndProject
Project("{FAE04EC0-301F-11D3-BF4B-00C04F79EFBC}") = "A119_ListAndLambda", "A119_ListAndLambda\A119_ListAndLambda.csproj", "{18AFBE56-911A-407A-8F19-F3B38CBBA0CC}"
EndProject
Project("{FAE04EC0-301F-11D3-BF4B-00C04F79EFBC}") = "A120_LinqBasic", "A120_LinqBasic\A120_LinqBasic.csproj", "{107B2461-E93C-400B-B9DA-4AE9DEF56B80}"
EndProject
Project("{FAE04EC0-301F-11D3-BF4B-00C04F79EFBC}") = "A121_LinqBasic2", "A121_LinqBasic2\A121_LinqBasic2.csproj", "{DF268B31-33B9-43E7-ACD9-4270D7F5B30B}"
EndProject
Project("{FAE04EC0-301F-11D3-BF4B-00C04F79EFBC}") = "A112_LinqToList", "A112_LinqToList\A112_LinqToList.csproj", "{FF55ECA8-2AC5-4935-8A35-38810188C0AE}"
EndProject
Project("{FAE04EC0-301F-11D3-BF4B-00C04F79EFBC}") = "A123_LinqToCollection", "A123_LinqToCollection\A123_LinqToCollection.csproj", "{555C5182-12B3-4D8B-8A86-A73048088D27}"
EndProject
Project("{FAE04EC0-301F-11D3-BF4B-00C04F79EFBC}") = "A124_LinqGroupBy", "A124_LinqGroupBy\A124_LinqGroupBy.csproj", "{5B25774E-0EE9-452D-8BDD-47E33236C7C2}"
EndProject
Project("{FAE04EC0-301F-11D3-BF4B-00C04F79EFBC}") = "A125_WinFormApp", "A125_WinFormApp\A125_WinFormApp.csproj", "{B4B0586B-B6A2-4C82-AAF3-D5DC95D2E3D9}"
EndProject
Project("{FAE04EC0-301F-11D3-BF4B-00C04F79EFBC}") = "A126_FormWithConsole", "A126_FormWithConsole\A126_FormWithConsole.csproj", "{801955A1-12FD-4E9D-A260-CFD941AD637E}"
EndProject
Project("{FAE04EC0-301F-11D3-BF4B-00C04F79EFBC}") = "A127_WinFormHello", "A127_WinFormHello\A127_WinFormHello.csproj", "{88F40FD3-6203-4C89-AFC7-6A20C4886971}"
EndProject
Project("{FAE04EC0-301F-11D3-BF4B-00C04F79EFBC}") = "A129_FormClass", "A129_FormClass\A129_FormClass.csproj", "{2C6E1DED-CED3-4FFB-BB52-9929507723AA}"
EndProject
Project("{FAE04EC0-301F-11D3-BF4B-00C04F79EFBC}") = "A130_MessageBox", "A130_MessageBox\A130_MessageBox.csproj", "{88951768-5688-4D46-B1D7-E8BFD41E7CDC}"
EndProject
Project("{FAE04EC0-301F-11D3-BF4B-00C04F79EFBC}") = "A131_BasicControls", "A131_BasicControls\A131_BasicControls.csproj", "{DF3DE76B-38FF-4CD8-84A2-AA4ED70BA829}"
EndProject
Project("{FAE04EC0-301F-11D3-BF4B-00C04F79EFBC}") = "A132_Label", "A132_Label\A132_Label.csproj", "{E4977480-BE9E-4C70-B951-B395B304DDE1}"
EndProject
Project("{FAE04EC0-301F-11D3-BF4B-00C04F79EFBC}") = "A133_Flag", "A133_Flag\A133_Flag.csproj", "{DE9E6DAD-64C5-413A-B1C6-F37CE0C80372}"
EndProject
Project("{FAE04EC0-301F-11D3-BF4B-00C04F79EFBC}") = "A134_CheckBox", "A134_CheckBox\A134_CheckBox.csproj", "{277EED96-E0E5-43C6-8A7C-CF01BB3E047E}"
EndProject
Project("{FAE04EC0-301F-11D3-BF4B-00C04F79EFBC}") = "A135_RadioButton", "A135_RadioButton\A135_RadioButton.csproj", "{0818C08F-5071-458E-BE75-0D416D09B36D}"
EndProject
Project("{FAE04EC0-301F-11D3-BF4B-00C04F79EFBC}") = "A136_Login", "A136_Login\A136_Login.csproj", "{128E1DCB-811F-46A5-884C-104BCAD3D462}"
EndProject
Project("{FAE04EC0-301F-11D3-BF4B-00C04F79EFBC}") = "A137_ScoreCalc", "A137_ScoreCalc\A137_ScoreCalc.csproj", "{2D4C564E-57C0-41E8-ADFC-E2497EBD4A57}"
EndProject
Project("{FAE04EC0-301F-11D3-BF4B-00C04F79EFBC}") = "A138_MaskedTextBox", "A138_MaskedTextBox\A138_MaskedTextBox.csproj", "{3F875BC9-52D8-4B9A-ACEC-6EB44664E657}"
EndProject
Project("{FAE04EC0-301F-11D3-BF4B-00C04F79EFBC}") = "A139_RgbScrollBar", "A139_RgbScrollBar\A139_RgbScrollBar.csproj", "{E4B1F986-6891-44F4-9FD4-3EC49F640573}"
EndProject
Project("{FAE04EC0-301F-11D3-BF4B-00C04F79EFBC}") = "A140_ListBox", "A140_ListBox\A140_ListBox.csproj", "{BEC47BD5-40DE-42FD-8C8D-E8206B332B7F}"
EndProject
Project("{FAE04EC0-301F-11D3-BF4B-00C04F79EFBC}") = "A141_ComboBox", "A141_ComboBox\A141_ComboBox.csproj", "{AC0CF60A-2432-48A3-8153-4CB936F1FDC6}"
EndProject
Project("{FAE04EC0-301F-11D3-BF4B-00C04F79EFBC}") = "A142_CheckedListBox", "A142_CheckedListBox\A142_CheckedListBox.csproj", "{51281931-1576-453D-8422-1922CB91CC8A}"
EndProject
Project("{FAE04EC0-301F-11D3-BF4B-00C04F79EFBC}") = "A143_GradeCalc", "A143_GradeCalc\A143_GradeCalc.csproj", "{0DBED2B4-9CC8-4CAD-8805-FB96F16D171E}"
EndProject
Project("{FAE04EC0-301F-11D3-BF4B-00C04F79EFBC}") = "A144_ListView", "A144_ListView\A144_ListView.csproj", "{44D1F45E-043A-4CAB-9730-C6B3F161FC73}"
EndProject
Project("{FAE04EC0-301F-11D3-BF4B-00C04F79EFBC}") = "A146_TreeView", "A146_TreeView\A146_TreeView.csproj", "{82CEEB78-45BE-47EF-B17A-7A3734728E9E}"
EndProject
Project("{FAE04EC0-301F-11D3-BF4B-00C04F79EFBC}") = "A147_Timer", "A147_Timer\A147_Timer.csproj", "{E71B76D6-4CE0-4D84-B95D-6E2CB8F10A0C}"
EndProject
Project("{FAE04EC0-301F-11D3-BF4B-00C04F79EFBC}") = "A148_TrackBarNProgressBar", "A148_TrackBarNProgressBar\A148_TrackBarNProgressBar.csproj", "{0279F7F8-AD01-4DD7-9AA6-06137A8484AB}"
EndProject
Project("{FAE04EC0-301F-11D3-BF4B-00C04F79EFBC}") = "A149_DateTimePicker", "A149_DateTimePicker\A149_DateTimePicker.csproj", "{79EED11D-FA4A-4055-86DB-A14572EC301F}"
EndProject
Project("{FAE04EC0-301F-11D3-BF4B-00C04F79EFBC}") = "A150_TabControl", "A150_TabControl\A150_TabControl.csproj", "{D980FA28-8B32-4C55-B013-B6343F7354E8}"
EndProject
Project("{FAE04EC0-301F-11D3-BF4B-00C04F79EFBC}") = "A151_MP3AlarmClock", "A151_MP3AlarmClock\A151_MP3AlarmClock.csproj", "{5D96EB7B-0BC5-4FAB-8431-3C4A6A9E6567}"
EndProject
Project("{FAE04EC0-301F-11D3-BF4B-00C04F79EFBC}") = "A152_WMP", "A152_WMP\A152_WMP.csproj", "{61D0C958-0C01-42E8-A143-D8C9BEB07471}"
EndProject
Project("{FAE04EC0-301F-11D3-BF4B-00C04F79EFBC}") = "A153_OpenFileDialog", "A153_OpenFileDialog\A153_OpenFileDialog.csproj", "{126E3C17-DF61-4738-A6CF-6F7541F90635}"
EndProject
Project("{FAE04EC0-301F-11D3-BF4B-00C04F79EFBC}") = "A154_Menu", "A154_Menu\A154_Menu.csproj", "{3A7B2ABE-F44E-4280-A645-EA6B3D2F36AC}"
EndProject
Project("{FAE04EC0-301F-11D3-BF4B-00C04F79EFBC}") = "A155_GraphicsProgram", "A155_GraphicsProgram\A155_GraphicsProgram.csproj", "{074F7AEC-5422-4A38-821C-6DC79EE01707}"
EndProject
Project("{FAE04EC0-301F-11D3-BF4B-00C04F79EFBC}") = "A156_WPF_HelloWorld", "A156_WPF_HelloWorld\A156_WPF_HelloWorld.csproj", "{77E836B9-6AF4-45BF-B761-CA2DFDDAD06B}"
EndProject
Project("{FAE04EC0-301F-11D3-BF4B-00C04F79EFBC}") = "A158_WPF_BMICalc", "A158_WPF_BMICalc\A158_WPF_BMICalc.csproj", "{8D9657A9-3D7A-4561-B3B9-4DE1DDC790AB}"
EndProject
Project("{FAE04EC0-301F-11D3-BF4B-00C04F79EFBC}") = "A159_WPF_Blinker", "A159_WPF_Blinker\A159_WPF_Blinker.csproj", "{1297BCD8-0AE7-4B8B-99CC-5334CCF9D65F}"
EndProject
Project("{FAE04EC0-301F-11D3-BF4B-00C04F79EFBC}") = "A160_WPF_SimpleCalc", "A160_WPF_SimpleCalc\A160_WPF_SimpleCalc.csproj", "{5255BA71-5222-4D2C-988C-316181D39AEF}"
EndProject
Project("{FAE04EC0-301F-11D3-BF4B-00C04F79EFBC}") = "A161_WindowCalc", "A161_WindowCalc\A161_WindowCalc.csproj", "{204A7EFB-815C-45A3-B444-F2B9B23D73E5}"
EndProject
Project("{FAE04EC0-301F-11D3-BF4B-00C04F79EFBC}") = "A163_WPF_WindowsCalc", "A163_WPF_WindowsCalc\A163_WPF_WindowsCalc.csproj", "{B85DBEE0-AE51-4333-A0C0-610DC5FF81CB}"
EndProject
Project("{FAE04EC0-301F-11D3-BF4B-00C04F79EFBC}") = "A164_WPF_DigialClock", "A164_WPF_DigialClock\A164_WPF_DigialClock.csproj", "{98C866C1-3198-4D5D-8640-C2EB80F8A5E2}"
EndProject
Project("{FAE04EC0-301F-11D3-BF4B-00C04F79EFBC}") = "A165_WinFormAnalogClock", "A165_WinFormAnalogClock\A165_WinFormAnalogClock.csproj", "{803D4909-BB92-4120-B5A1-D499C91792A6}"
EndProject
Project("{FAE04EC0-301F-11D3-BF4B-00C04F79EFBC}") = "A166_WPF_AnalogClock", "A166_WPF_AnalogClock\A166_WPF_AnalogClock.csproj", "{BA636BCD-0FCB-4653-BC7D-C31217BAC43D}"
EndProject
Project("{FAE04EC0-301F-11D3-BF4B-00C04F79EFBC}") = "A167_WPF_AnalogClock", "A167_WPF_AnalogClock\A167_WPF_AnalogClock.csproj", "{8EF228A2-5BB0-4FE6-A2E2-E7F943DB65C3}"
EndProject
Global
	GlobalSection(SolutionConfigurationPlatforms) = preSolution
		Debug|Any CPU = Debug|Any CPU
		Release|Any CPU = Release|Any CPU
	EndGlobalSection
	GlobalSection(ProjectConfigurationPlatforms) = postSolution
		{DB0D4710-360C-46B6-9BCB-73437C8DC737}.Debug|Any CPU.ActiveCfg = Debug|Any CPU
		{DB0D4710-360C-46B6-9BCB-73437C8DC737}.Debug|Any CPU.Build.0 = Debug|Any CPU
		{DB0D4710-360C-46B6-9BCB-73437C8DC737}.Release|Any CPU.ActiveCfg = Release|Any CPU
		{DB0D4710-360C-46B6-9BCB-73437C8DC737}.Release|Any CPU.Build.0 = Release|Any CPU
		{E383E317-C70A-4D96-9C0B-D0BFBAD0B4C1}.Debug|Any CPU.ActiveCfg = Debug|Any CPU
		{E383E317-C70A-4D96-9C0B-D0BFBAD0B4C1}.Debug|Any CPU.Build.0 = Debug|Any CPU
		{E383E317-C70A-4D96-9C0B-D0BFBAD0B4C1}.Release|Any CPU.ActiveCfg = Release|Any CPU
		{E383E317-C70A-4D96-9C0B-D0BFBAD0B4C1}.Release|Any CPU.Build.0 = Release|Any CPU
		{2159B577-F49B-48E2-90CA-4A0349087512}.Debug|Any CPU.ActiveCfg = Debug|Any CPU
		{2159B577-F49B-48E2-90CA-4A0349087512}.Debug|Any CPU.Build.0 = Debug|Any CPU
		{2159B577-F49B-48E2-90CA-4A0349087512}.Release|Any CPU.ActiveCfg = Release|Any CPU
		{2159B577-F49B-48E2-90CA-4A0349087512}.Release|Any CPU.Build.0 = Release|Any CPU
		{B87AA634-CA51-411C-B641-B9E537E418AC}.Debug|Any CPU.ActiveCfg = Debug|Any CPU
		{B87AA634-CA51-411C-B641-B9E537E418AC}.Debug|Any CPU.Build.0 = Debug|Any CPU
		{B87AA634-CA51-411C-B641-B9E537E418AC}.Release|Any CPU.ActiveCfg = Release|Any CPU
		{B87AA634-CA51-411C-B641-B9E537E418AC}.Release|Any CPU.Build.0 = Release|Any CPU
		{B40ED965-6721-4295-8E99-9045A060F740}.Debug|Any CPU.ActiveCfg = Debug|Any CPU
		{B40ED965-6721-4295-8E99-9045A060F740}.Debug|Any CPU.Build.0 = Debug|Any CPU
		{B40ED965-6721-4295-8E99-9045A060F740}.Release|Any CPU.ActiveCfg = Release|Any CPU
		{B40ED965-6721-4295-8E99-9045A060F740}.Release|Any CPU.Build.0 = Release|Any CPU
		{5B1764D7-10E2-49B8-B011-0C112D2B1609}.Debug|Any CPU.ActiveCfg = Debug|Any CPU
		{5B1764D7-10E2-49B8-B011-0C112D2B1609}.Debug|Any CPU.Build.0 = Debug|Any CPU
		{5B1764D7-10E2-49B8-B011-0C112D2B1609}.Release|Any CPU.ActiveCfg = Release|Any CPU
		{5B1764D7-10E2-49B8-B011-0C112D2B1609}.Release|Any CPU.Build.0 = Release|Any CPU
		{9AE37B66-3BE1-4449-8096-CA42B79EA1D1}.Debug|Any CPU.ActiveCfg = Debug|Any CPU
		{9AE37B66-3BE1-4449-8096-CA42B79EA1D1}.Debug|Any CPU.Build.0 = Debug|Any CPU
		{9AE37B66-3BE1-4449-8096-CA42B79EA1D1}.Release|Any CPU.ActiveCfg = Release|Any CPU
		{9AE37B66-3BE1-4449-8096-CA42B79EA1D1}.Release|Any CPU.Build.0 = Release|Any CPU
		{9C2268AF-21F5-434F-820D-368591B17A40}.Debug|Any CPU.ActiveCfg = Debug|Any CPU
		{9C2268AF-21F5-434F-820D-368591B17A40}.Debug|Any CPU.Build.0 = Debug|Any CPU
		{9C2268AF-21F5-434F-820D-368591B17A40}.Release|Any CPU.ActiveCfg = Release|Any CPU
		{9C2268AF-21F5-434F-820D-368591B17A40}.Release|Any CPU.Build.0 = Release|Any CPU
		{4571CDFE-DAF8-4933-BCA0-198278C559B8}.Debug|Any CPU.ActiveCfg = Debug|Any CPU
		{4571CDFE-DAF8-4933-BCA0-198278C559B8}.Debug|Any CPU.Build.0 = Debug|Any CPU
		{4571CDFE-DAF8-4933-BCA0-198278C559B8}.Release|Any CPU.ActiveCfg = Release|Any CPU
		{4571CDFE-DAF8-4933-BCA0-198278C559B8}.Release|Any CPU.Build.0 = Release|Any CPU
		{5FA59820-E5F8-49FA-82C3-C36DCC9D49A5}.Debug|Any CPU.ActiveCfg = Debug|Any CPU
		{5FA59820-E5F8-49FA-82C3-C36DCC9D49A5}.Debug|Any CPU.Build.0 = Debug|Any CPU
		{5FA59820-E5F8-49FA-82C3-C36DCC9D49A5}.Release|Any CPU.ActiveCfg = Release|Any CPU
		{5FA59820-E5F8-49FA-82C3-C36DCC9D49A5}.Release|Any CPU.Build.0 = Release|Any CPU
		{2D61E8D0-4C90-4415-A02A-3A6E819C5FEB}.Debug|Any CPU.ActiveCfg = Debug|Any CPU
		{2D61E8D0-4C90-4415-A02A-3A6E819C5FEB}.Debug|Any CPU.Build.0 = Debug|Any CPU
		{2D61E8D0-4C90-4415-A02A-3A6E819C5FEB}.Release|Any CPU.ActiveCfg = Release|Any CPU
		{2D61E8D0-4C90-4415-A02A-3A6E819C5FEB}.Release|Any CPU.Build.0 = Release|Any CPU
		{6C61EFC1-C593-4514-B6CB-E530531D372C}.Debug|Any CPU.ActiveCfg = Debug|Any CPU
		{6C61EFC1-C593-4514-B6CB-E530531D372C}.Debug|Any CPU.Build.0 = Debug|Any CPU
		{6C61EFC1-C593-4514-B6CB-E530531D372C}.Release|Any CPU.ActiveCfg = Release|Any CPU
		{6C61EFC1-C593-4514-B6CB-E530531D372C}.Release|Any CPU.Build.0 = Release|Any CPU
		{814A0907-F764-46C2-9130-B7AB20BBF1E1}.Debug|Any CPU.ActiveCfg = Debug|Any CPU
		{814A0907-F764-46C2-9130-B7AB20BBF1E1}.Debug|Any CPU.Build.0 = Debug|Any CPU
		{814A0907-F764-46C2-9130-B7AB20BBF1E1}.Release|Any CPU.ActiveCfg = Release|Any CPU
		{814A0907-F764-46C2-9130-B7AB20BBF1E1}.Release|Any CPU.Build.0 = Release|Any CPU
		{06A68C74-FBFF-4F32-9C56-24421D544212}.Debug|Any CPU.ActiveCfg = Debug|Any CPU
		{06A68C74-FBFF-4F32-9C56-24421D544212}.Debug|Any CPU.Build.0 = Debug|Any CPU
		{06A68C74-FBFF-4F32-9C56-24421D544212}.Release|Any CPU.ActiveCfg = Release|Any CPU
		{06A68C74-FBFF-4F32-9C56-24421D544212}.Release|Any CPU.Build.0 = Release|Any CPU
		{EC0F13D0-84F0-46CD-AA96-A2577A99B4C7}.Debug|Any CPU.ActiveCfg = Debug|Any CPU
		{EC0F13D0-84F0-46CD-AA96-A2577A99B4C7}.Debug|Any CPU.Build.0 = Debug|Any CPU
		{EC0F13D0-84F0-46CD-AA96-A2577A99B4C7}.Release|Any CPU.ActiveCfg = Release|Any CPU
		{EC0F13D0-84F0-46CD-AA96-A2577A99B4C7}.Release|Any CPU.Build.0 = Release|Any CPU
		{C5ACC5E1-5445-4056-94BF-0219C88E2CC8}.Debug|Any CPU.ActiveCfg = Debug|Any CPU
		{C5ACC5E1-5445-4056-94BF-0219C88E2CC8}.Debug|Any CPU.Build.0 = Debug|Any CPU
		{C5ACC5E1-5445-4056-94BF-0219C88E2CC8}.Release|Any CPU.ActiveCfg = Release|Any CPU
		{C5ACC5E1-5445-4056-94BF-0219C88E2CC8}.Release|Any CPU.Build.0 = Release|Any CPU
		{C19F803F-C244-46BC-AA7A-AA0120E92411}.Debug|Any CPU.ActiveCfg = Debug|Any CPU
		{C19F803F-C244-46BC-AA7A-AA0120E92411}.Debug|Any CPU.Build.0 = Debug|Any CPU
		{C19F803F-C244-46BC-AA7A-AA0120E92411}.Release|Any CPU.ActiveCfg = Release|Any CPU
		{C19F803F-C244-46BC-AA7A-AA0120E92411}.Release|Any CPU.Build.0 = Release|Any CPU
		{9E5B2681-E134-48DA-8F70-1E8B669BF095}.Debug|Any CPU.ActiveCfg = Debug|Any CPU
		{9E5B2681-E134-48DA-8F70-1E8B669BF095}.Debug|Any CPU.Build.0 = Debug|Any CPU
		{9E5B2681-E134-48DA-8F70-1E8B669BF095}.Release|Any CPU.ActiveCfg = Release|Any CPU
		{9E5B2681-E134-48DA-8F70-1E8B669BF095}.Release|Any CPU.Build.0 = Release|Any CPU
		{9B6CF87E-5F12-4639-8AC2-B907F65940C4}.Debug|Any CPU.ActiveCfg = Debug|Any CPU
		{9B6CF87E-5F12-4639-8AC2-B907F65940C4}.Debug|Any CPU.Build.0 = Debug|Any CPU
		{9B6CF87E-5F12-4639-8AC2-B907F65940C4}.Release|Any CPU.ActiveCfg = Release|Any CPU
		{9B6CF87E-5F12-4639-8AC2-B907F65940C4}.Release|Any CPU.Build.0 = Release|Any CPU
		{3ACE4B3C-7A78-4C0A-AE73-84AF5B121543}.Debug|Any CPU.ActiveCfg = Debug|Any CPU
		{3ACE4B3C-7A78-4C0A-AE73-84AF5B121543}.Debug|Any CPU.Build.0 = Debug|Any CPU
		{3ACE4B3C-7A78-4C0A-AE73-84AF5B121543}.Release|Any CPU.ActiveCfg = Release|Any CPU
		{3ACE4B3C-7A78-4C0A-AE73-84AF5B121543}.Release|Any CPU.Build.0 = Release|Any CPU
		{C11BDE26-E225-4F21-B40C-81E46CAD0591}.Debug|Any CPU.ActiveCfg = Debug|Any CPU
		{C11BDE26-E225-4F21-B40C-81E46CAD0591}.Debug|Any CPU.Build.0 = Debug|Any CPU
		{C11BDE26-E225-4F21-B40C-81E46CAD0591}.Release|Any CPU.ActiveCfg = Release|Any CPU
		{C11BDE26-E225-4F21-B40C-81E46CAD0591}.Release|Any CPU.Build.0 = Release|Any CPU
		{3646687B-1E50-4F1B-B680-C4C0CBE88E8E}.Debug|Any CPU.ActiveCfg = Debug|Any CPU
		{3646687B-1E50-4F1B-B680-C4C0CBE88E8E}.Debug|Any CPU.Build.0 = Debug|Any CPU
		{3646687B-1E50-4F1B-B680-C4C0CBE88E8E}.Release|Any CPU.ActiveCfg = Release|Any CPU
		{3646687B-1E50-4F1B-B680-C4C0CBE88E8E}.Release|Any CPU.Build.0 = Release|Any CPU
		{AE1F0C51-0A1F-4930-A13F-CD4D31DEB14D}.Debug|Any CPU.ActiveCfg = Debug|Any CPU
		{AE1F0C51-0A1F-4930-A13F-CD4D31DEB14D}.Debug|Any CPU.Build.0 = Debug|Any CPU
		{AE1F0C51-0A1F-4930-A13F-CD4D31DEB14D}.Release|Any CPU.ActiveCfg = Release|Any CPU
		{AE1F0C51-0A1F-4930-A13F-CD4D31DEB14D}.Release|Any CPU.Build.0 = Release|Any CPU
		{013475C5-B547-4FDB-950A-3BC5E688063C}.Debug|Any CPU.ActiveCfg = Debug|Any CPU
		{013475C5-B547-4FDB-950A-3BC5E688063C}.Debug|Any CPU.Build.0 = Debug|Any CPU
		{013475C5-B547-4FDB-950A-3BC5E688063C}.Release|Any CPU.ActiveCfg = Release|Any CPU
		{013475C5-B547-4FDB-950A-3BC5E688063C}.Release|Any CPU.Build.0 = Release|Any CPU
		{476E1290-E54D-43FA-93BE-FE6D7BE5D6F8}.Debug|Any CPU.ActiveCfg = Debug|Any CPU
		{476E1290-E54D-43FA-93BE-FE6D7BE5D6F8}.Debug|Any CPU.Build.0 = Debug|Any CPU
		{476E1290-E54D-43FA-93BE-FE6D7BE5D6F8}.Release|Any CPU.ActiveCfg = Release|Any CPU
		{476E1290-E54D-43FA-93BE-FE6D7BE5D6F8}.Release|Any CPU.Build.0 = Release|Any CPU
		{A5EDA023-C039-4368-AC54-FE0864DF1DBE}.Debug|Any CPU.ActiveCfg = Debug|Any CPU
		{A5EDA023-C039-4368-AC54-FE0864DF1DBE}.Debug|Any CPU.Build.0 = Debug|Any CPU
		{A5EDA023-C039-4368-AC54-FE0864DF1DBE}.Release|Any CPU.ActiveCfg = Release|Any CPU
		{A5EDA023-C039-4368-AC54-FE0864DF1DBE}.Release|Any CPU.Build.0 = Release|Any CPU
		{F13B03F1-5E1F-474F-8BFD-663B41054F11}.Debug|Any CPU.ActiveCfg = Debug|Any CPU
		{F13B03F1-5E1F-474F-8BFD-663B41054F11}.Debug|Any CPU.Build.0 = Debug|Any CPU
		{F13B03F1-5E1F-474F-8BFD-663B41054F11}.Release|Any CPU.ActiveCfg = Release|Any CPU
		{F13B03F1-5E1F-474F-8BFD-663B41054F11}.Release|Any CPU.Build.0 = Release|Any CPU
		{1B960B03-124E-488B-959C-23B693844D38}.Debug|Any CPU.ActiveCfg = Debug|Any CPU
		{1B960B03-124E-488B-959C-23B693844D38}.Debug|Any CPU.Build.0 = Debug|Any CPU
		{1B960B03-124E-488B-959C-23B693844D38}.Release|Any CPU.ActiveCfg = Release|Any CPU
		{1B960B03-124E-488B-959C-23B693844D38}.Release|Any CPU.Build.0 = Release|Any CPU
		{9191EFEA-14F3-4F9A-A8C9-0A2768E716F2}.Debug|Any CPU.ActiveCfg = Debug|Any CPU
		{9191EFEA-14F3-4F9A-A8C9-0A2768E716F2}.Debug|Any CPU.Build.0 = Debug|Any CPU
		{9191EFEA-14F3-4F9A-A8C9-0A2768E716F2}.Release|Any CPU.ActiveCfg = Release|Any CPU
		{9191EFEA-14F3-4F9A-A8C9-0A2768E716F2}.Release|Any CPU.Build.0 = Release|Any CPU
		{AA739199-8F9C-4F50-9C19-4219581BB2A9}.Debug|Any CPU.ActiveCfg = Debug|Any CPU
		{AA739199-8F9C-4F50-9C19-4219581BB2A9}.Debug|Any CPU.Build.0 = Debug|Any CPU
		{AA739199-8F9C-4F50-9C19-4219581BB2A9}.Release|Any CPU.ActiveCfg = Release|Any CPU
		{AA739199-8F9C-4F50-9C19-4219581BB2A9}.Release|Any CPU.Build.0 = Release|Any CPU
		{A7CDA4C5-ADCC-4559-A467-9BC61D2728B1}.Debug|Any CPU.ActiveCfg = Debug|Any CPU
		{A7CDA4C5-ADCC-4559-A467-9BC61D2728B1}.Debug|Any CPU.Build.0 = Debug|Any CPU
		{A7CDA4C5-ADCC-4559-A467-9BC61D2728B1}.Release|Any CPU.ActiveCfg = Release|Any CPU
		{A7CDA4C5-ADCC-4559-A467-9BC61D2728B1}.Release|Any CPU.Build.0 = Release|Any CPU
		{B003E914-3A2F-42D3-8236-1CE362C39637}.Debug|Any CPU.ActiveCfg = Debug|Any CPU
		{B003E914-3A2F-42D3-8236-1CE362C39637}.Debug|Any CPU.Build.0 = Debug|Any CPU
		{B003E914-3A2F-42D3-8236-1CE362C39637}.Release|Any CPU.ActiveCfg = Release|Any CPU
		{B003E914-3A2F-42D3-8236-1CE362C39637}.Release|Any CPU.Build.0 = Release|Any CPU
		{88291F0C-B6EE-4CB0-B4DA-A8FCABA9CCDE}.Debug|Any CPU.ActiveCfg = Debug|Any CPU
		{88291F0C-B6EE-4CB0-B4DA-A8FCABA9CCDE}.Debug|Any CPU.Build.0 = Debug|Any CPU
		{88291F0C-B6EE-4CB0-B4DA-A8FCABA9CCDE}.Release|Any CPU.ActiveCfg = Release|Any CPU
		{88291F0C-B6EE-4CB0-B4DA-A8FCABA9CCDE}.Release|Any CPU.Build.0 = Release|Any CPU
		{23A73B7D-E2AC-4EE1-BFF5-67E9E4B608A8}.Debug|Any CPU.ActiveCfg = Debug|Any CPU
		{23A73B7D-E2AC-4EE1-BFF5-67E9E4B608A8}.Debug|Any CPU.Build.0 = Debug|Any CPU
		{23A73B7D-E2AC-4EE1-BFF5-67E9E4B608A8}.Release|Any CPU.ActiveCfg = Release|Any CPU
		{23A73B7D-E2AC-4EE1-BFF5-67E9E4B608A8}.Release|Any CPU.Build.0 = Release|Any CPU
		{AED73EC9-96E7-45D7-9CA8-9A43773107AD}.Debug|Any CPU.ActiveCfg = Debug|Any CPU
		{AED73EC9-96E7-45D7-9CA8-9A43773107AD}.Debug|Any CPU.Build.0 = Debug|Any CPU
		{AED73EC9-96E7-45D7-9CA8-9A43773107AD}.Release|Any CPU.ActiveCfg = Release|Any CPU
		{AED73EC9-96E7-45D7-9CA8-9A43773107AD}.Release|Any CPU.Build.0 = Release|Any CPU
		{132721A0-CF7F-408B-8B82-2D78B8F275E3}.Debug|Any CPU.ActiveCfg = Debug|Any CPU
		{132721A0-CF7F-408B-8B82-2D78B8F275E3}.Debug|Any CPU.Build.0 = Debug|Any CPU
		{132721A0-CF7F-408B-8B82-2D78B8F275E3}.Release|Any CPU.ActiveCfg = Release|Any CPU
		{132721A0-CF7F-408B-8B82-2D78B8F275E3}.Release|Any CPU.Build.0 = Release|Any CPU
		{4320A11F-2E83-4180-A2B7-CBD7A1414CFC}.Debug|Any CPU.ActiveCfg = Debug|Any CPU
		{4320A11F-2E83-4180-A2B7-CBD7A1414CFC}.Debug|Any CPU.Build.0 = Debug|Any CPU
		{4320A11F-2E83-4180-A2B7-CBD7A1414CFC}.Release|Any CPU.ActiveCfg = Release|Any CPU
		{4320A11F-2E83-4180-A2B7-CBD7A1414CFC}.Release|Any CPU.Build.0 = Release|Any CPU
		{EBDAF251-5972-4CD7-BC1F-67AE6765E309}.Debug|Any CPU.ActiveCfg = Debug|Any CPU
		{EBDAF251-5972-4CD7-BC1F-67AE6765E309}.Debug|Any CPU.Build.0 = Debug|Any CPU
		{EBDAF251-5972-4CD7-BC1F-67AE6765E309}.Release|Any CPU.ActiveCfg = Release|Any CPU
		{EBDAF251-5972-4CD7-BC1F-67AE6765E309}.Release|Any CPU.Build.0 = Release|Any CPU
		{21AD7997-7FF0-47C8-BF3A-BB5B85F61A86}.Debug|Any CPU.ActiveCfg = Debug|Any CPU
		{21AD7997-7FF0-47C8-BF3A-BB5B85F61A86}.Debug|Any CPU.Build.0 = Debug|Any CPU
		{21AD7997-7FF0-47C8-BF3A-BB5B85F61A86}.Release|Any CPU.ActiveCfg = Release|Any CPU
		{21AD7997-7FF0-47C8-BF3A-BB5B85F61A86}.Release|Any CPU.Build.0 = Release|Any CPU
		{084A2AFF-3B1E-4853-A8E0-CB4512A11DA4}.Debug|Any CPU.ActiveCfg = Debug|Any CPU
		{084A2AFF-3B1E-4853-A8E0-CB4512A11DA4}.Debug|Any CPU.Build.0 = Debug|Any CPU
		{084A2AFF-3B1E-4853-A8E0-CB4512A11DA4}.Release|Any CPU.ActiveCfg = Release|Any CPU
		{084A2AFF-3B1E-4853-A8E0-CB4512A11DA4}.Release|Any CPU.Build.0 = Release|Any CPU
		{E73B2B33-7A91-4131-B17C-C2DB4404B58B}.Debug|Any CPU.ActiveCfg = Debug|Any CPU
		{E73B2B33-7A91-4131-B17C-C2DB4404B58B}.Debug|Any CPU.Build.0 = Debug|Any CPU
		{E73B2B33-7A91-4131-B17C-C2DB4404B58B}.Release|Any CPU.ActiveCfg = Release|Any CPU
		{E73B2B33-7A91-4131-B17C-C2DB4404B58B}.Release|Any CPU.Build.0 = Release|Any CPU
		{E79A0097-D6BA-44FC-8A52-9CD65563E8E3}.Debug|Any CPU.ActiveCfg = Debug|Any CPU
		{E79A0097-D6BA-44FC-8A52-9CD65563E8E3}.Debug|Any CPU.Build.0 = Debug|Any CPU
		{E79A0097-D6BA-44FC-8A52-9CD65563E8E3}.Release|Any CPU.ActiveCfg = Release|Any CPU
		{E79A0097-D6BA-44FC-8A52-9CD65563E8E3}.Release|Any CPU.Build.0 = Release|Any CPU
		{D31D78F3-AB0A-4985-A03C-A99EBD2E4DAF}.Debug|Any CPU.ActiveCfg = Debug|Any CPU
		{D31D78F3-AB0A-4985-A03C-A99EBD2E4DAF}.Debug|Any CPU.Build.0 = Debug|Any CPU
		{D31D78F3-AB0A-4985-A03C-A99EBD2E4DAF}.Release|Any CPU.ActiveCfg = Release|Any CPU
		{D31D78F3-AB0A-4985-A03C-A99EBD2E4DAF}.Release|Any CPU.Build.0 = Release|Any CPU
		{3380B494-9D2F-4079-BD43-679DEA9EDDE1}.Debug|Any CPU.ActiveCfg = Debug|Any CPU
		{3380B494-9D2F-4079-BD43-679DEA9EDDE1}.Debug|Any CPU.Build.0 = Debug|Any CPU
		{3380B494-9D2F-4079-BD43-679DEA9EDDE1}.Release|Any CPU.ActiveCfg = Release|Any CPU
		{3380B494-9D2F-4079-BD43-679DEA9EDDE1}.Release|Any CPU.Build.0 = Release|Any CPU
		{5F2A4724-CAD0-4760-BCAB-9DBF9762AA70}.Debug|Any CPU.ActiveCfg = Debug|Any CPU
		{5F2A4724-CAD0-4760-BCAB-9DBF9762AA70}.Debug|Any CPU.Build.0 = Debug|Any CPU
		{5F2A4724-CAD0-4760-BCAB-9DBF9762AA70}.Release|Any CPU.ActiveCfg = Release|Any CPU
		{5F2A4724-CAD0-4760-BCAB-9DBF9762AA70}.Release|Any CPU.Build.0 = Release|Any CPU
		{205ADEE4-ADC9-4F16-8E98-9B861A5B6DA2}.Debug|Any CPU.ActiveCfg = Debug|Any CPU
		{205ADEE4-ADC9-4F16-8E98-9B861A5B6DA2}.Debug|Any CPU.Build.0 = Debug|Any CPU
		{205ADEE4-ADC9-4F16-8E98-9B861A5B6DA2}.Release|Any CPU.ActiveCfg = Release|Any CPU
		{205ADEE4-ADC9-4F16-8E98-9B861A5B6DA2}.Release|Any CPU.Build.0 = Release|Any CPU
		{EE8325B2-8C15-427B-93F7-52A9B02B4CB1}.Debug|Any CPU.ActiveCfg = Debug|Any CPU
		{EE8325B2-8C15-427B-93F7-52A9B02B4CB1}.Debug|Any CPU.Build.0 = Debug|Any CPU
		{EE8325B2-8C15-427B-93F7-52A9B02B4CB1}.Release|Any CPU.ActiveCfg = Release|Any CPU
		{EE8325B2-8C15-427B-93F7-52A9B02B4CB1}.Release|Any CPU.Build.0 = Release|Any CPU
		{F47FE2E9-B173-45DE-A73B-F275034FBE9D}.Debug|Any CPU.ActiveCfg = Debug|Any CPU
		{F47FE2E9-B173-45DE-A73B-F275034FBE9D}.Debug|Any CPU.Build.0 = Debug|Any CPU
		{F47FE2E9-B173-45DE-A73B-F275034FBE9D}.Release|Any CPU.ActiveCfg = Release|Any CPU
		{F47FE2E9-B173-45DE-A73B-F275034FBE9D}.Release|Any CPU.Build.0 = Release|Any CPU
		{F2B19176-AB14-42A0-8132-9D20B4776FB1}.Debug|Any CPU.ActiveCfg = Debug|Any CPU
		{F2B19176-AB14-42A0-8132-9D20B4776FB1}.Debug|Any CPU.Build.0 = Debug|Any CPU
		{F2B19176-AB14-42A0-8132-9D20B4776FB1}.Release|Any CPU.ActiveCfg = Release|Any CPU
		{F2B19176-AB14-42A0-8132-9D20B4776FB1}.Release|Any CPU.Build.0 = Release|Any CPU
		{9972DC28-A8C7-40D4-B6F0-FDD50F6338F3}.Debug|Any CPU.ActiveCfg = Debug|Any CPU
		{9972DC28-A8C7-40D4-B6F0-FDD50F6338F3}.Debug|Any CPU.Build.0 = Debug|Any CPU
		{9972DC28-A8C7-40D4-B6F0-FDD50F6338F3}.Release|Any CPU.ActiveCfg = Release|Any CPU
		{9972DC28-A8C7-40D4-B6F0-FDD50F6338F3}.Release|Any CPU.Build.0 = Release|Any CPU
		{607C0F76-22DA-45B2-A414-33B21DBA02DC}.Debug|Any CPU.ActiveCfg = Debug|Any CPU
		{607C0F76-22DA-45B2-A414-33B21DBA02DC}.Debug|Any CPU.Build.0 = Debug|Any CPU
		{607C0F76-22DA-45B2-A414-33B21DBA02DC}.Release|Any CPU.ActiveCfg = Release|Any CPU
		{607C0F76-22DA-45B2-A414-33B21DBA02DC}.Release|Any CPU.Build.0 = Release|Any CPU
		{91FAA577-1255-4629-B157-69373856E009}.Debug|Any CPU.ActiveCfg = Debug|Any CPU
		{91FAA577-1255-4629-B157-69373856E009}.Debug|Any CPU.Build.0 = Debug|Any CPU
		{91FAA577-1255-4629-B157-69373856E009}.Release|Any CPU.ActiveCfg = Release|Any CPU
		{91FAA577-1255-4629-B157-69373856E009}.Release|Any CPU.Build.0 = Release|Any CPU
		{59EBBED5-477A-4966-8405-C27AF3D7725E}.Debug|Any CPU.ActiveCfg = Debug|Any CPU
		{59EBBED5-477A-4966-8405-C27AF3D7725E}.Debug|Any CPU.Build.0 = Debug|Any CPU
		{59EBBED5-477A-4966-8405-C27AF3D7725E}.Release|Any CPU.ActiveCfg = Release|Any CPU
		{59EBBED5-477A-4966-8405-C27AF3D7725E}.Release|Any CPU.Build.0 = Release|Any CPU
		{D63A1009-526C-4CB5-B7B2-A5844D929A0C}.Debug|Any CPU.ActiveCfg = Debug|Any CPU
		{D63A1009-526C-4CB5-B7B2-A5844D929A0C}.Debug|Any CPU.Build.0 = Debug|Any CPU
		{D63A1009-526C-4CB5-B7B2-A5844D929A0C}.Release|Any CPU.ActiveCfg = Release|Any CPU
		{D63A1009-526C-4CB5-B7B2-A5844D929A0C}.Release|Any CPU.Build.0 = Release|Any CPU
		{91AAC64D-7B0D-4BB6-B6A3-6B8BF442A861}.Debug|Any CPU.ActiveCfg = Debug|Any CPU
		{91AAC64D-7B0D-4BB6-B6A3-6B8BF442A861}.Debug|Any CPU.Build.0 = Debug|Any CPU
		{91AAC64D-7B0D-4BB6-B6A3-6B8BF442A861}.Release|Any CPU.ActiveCfg = Release|Any CPU
		{91AAC64D-7B0D-4BB6-B6A3-6B8BF442A861}.Release|Any CPU.Build.0 = Release|Any CPU
		{0AC81EFB-EAD9-4530-9644-2BB05F6FD7D3}.Debug|Any CPU.ActiveCfg = Debug|Any CPU
		{0AC81EFB-EAD9-4530-9644-2BB05F6FD7D3}.Debug|Any CPU.Build.0 = Debug|Any CPU
		{0AC81EFB-EAD9-4530-9644-2BB05F6FD7D3}.Release|Any CPU.ActiveCfg = Release|Any CPU
		{0AC81EFB-EAD9-4530-9644-2BB05F6FD7D3}.Release|Any CPU.Build.0 = Release|Any CPU
		{09B7852A-07AE-47FF-B70D-1F3923C40D12}.Debug|Any CPU.ActiveCfg = Debug|Any CPU
		{09B7852A-07AE-47FF-B70D-1F3923C40D12}.Debug|Any CPU.Build.0 = Debug|Any CPU
		{09B7852A-07AE-47FF-B70D-1F3923C40D12}.Release|Any CPU.ActiveCfg = Release|Any CPU
		{09B7852A-07AE-47FF-B70D-1F3923C40D12}.Release|Any CPU.Build.0 = Release|Any CPU
		{393E7EBA-1B94-42A4-9263-232176A3898E}.Debug|Any CPU.ActiveCfg = Debug|Any CPU
		{393E7EBA-1B94-42A4-9263-232176A3898E}.Debug|Any CPU.Build.0 = Debug|Any CPU
		{393E7EBA-1B94-42A4-9263-232176A3898E}.Release|Any CPU.ActiveCfg = Release|Any CPU
		{393E7EBA-1B94-42A4-9263-232176A3898E}.Release|Any CPU.Build.0 = Release|Any CPU
		{58C52D6E-BD29-4D8F-9BE9-D3969BB00182}.Debug|Any CPU.ActiveCfg = Debug|Any CPU
		{58C52D6E-BD29-4D8F-9BE9-D3969BB00182}.Debug|Any CPU.Build.0 = Debug|Any CPU
		{58C52D6E-BD29-4D8F-9BE9-D3969BB00182}.Release|Any CPU.ActiveCfg = Release|Any CPU
		{58C52D6E-BD29-4D8F-9BE9-D3969BB00182}.Release|Any CPU.Build.0 = Release|Any CPU
		{3E1250BE-DCB3-4BA0-A1E4-053C957765EB}.Debug|Any CPU.ActiveCfg = Debug|Any CPU
		{3E1250BE-DCB3-4BA0-A1E4-053C957765EB}.Debug|Any CPU.Build.0 = Debug|Any CPU
		{3E1250BE-DCB3-4BA0-A1E4-053C957765EB}.Release|Any CPU.ActiveCfg = Release|Any CPU
		{3E1250BE-DCB3-4BA0-A1E4-053C957765EB}.Release|Any CPU.Build.0 = Release|Any CPU
		{18F205A4-6A05-43F4-8019-C3572A2BA0C1}.Debug|Any CPU.ActiveCfg = Debug|Any CPU
		{18F205A4-6A05-43F4-8019-C3572A2BA0C1}.Debug|Any CPU.Build.0 = Debug|Any CPU
		{18F205A4-6A05-43F4-8019-C3572A2BA0C1}.Release|Any CPU.ActiveCfg = Release|Any CPU
		{18F205A4-6A05-43F4-8019-C3572A2BA0C1}.Release|Any CPU.Build.0 = Release|Any CPU
		{0203E45E-EB4A-4210-9B38-BB8D329CA212}.Debug|Any CPU.ActiveCfg = Debug|Any CPU
		{0203E45E-EB4A-4210-9B38-BB8D329CA212}.Debug|Any CPU.Build.0 = Debug|Any CPU
		{0203E45E-EB4A-4210-9B38-BB8D329CA212}.Release|Any CPU.ActiveCfg = Release|Any CPU
		{0203E45E-EB4A-4210-9B38-BB8D329CA212}.Release|Any CPU.Build.0 = Release|Any CPU
		{D2A08B16-4BB2-43F3-89C6-7C0622F28BD0}.Debug|Any CPU.ActiveCfg = Debug|Any CPU
		{D2A08B16-4BB2-43F3-89C6-7C0622F28BD0}.Debug|Any CPU.Build.0 = Debug|Any CPU
		{D2A08B16-4BB2-43F3-89C6-7C0622F28BD0}.Release|Any CPU.ActiveCfg = Release|Any CPU
		{D2A08B16-4BB2-43F3-89C6-7C0622F28BD0}.Release|Any CPU.Build.0 = Release|Any CPU
		{6087919F-3957-43E7-9452-F3C3FDCB3164}.Debug|Any CPU.ActiveCfg = Debug|Any CPU
		{6087919F-3957-43E7-9452-F3C3FDCB3164}.Debug|Any CPU.Build.0 = Debug|Any CPU
		{6087919F-3957-43E7-9452-F3C3FDCB3164}.Release|Any CPU.ActiveCfg = Release|Any CPU
		{6087919F-3957-43E7-9452-F3C3FDCB3164}.Release|Any CPU.Build.0 = Release|Any CPU
		{847BCC7E-FE44-4C38-B775-F7761464645A}.Debug|Any CPU.ActiveCfg = Debug|Any CPU
		{847BCC7E-FE44-4C38-B775-F7761464645A}.Debug|Any CPU.Build.0 = Debug|Any CPU
		{847BCC7E-FE44-4C38-B775-F7761464645A}.Release|Any CPU.ActiveCfg = Release|Any CPU
		{847BCC7E-FE44-4C38-B775-F7761464645A}.Release|Any CPU.Build.0 = Release|Any CPU
		{0CB60162-3BB6-4B86-A7C8-A664854B8D90}.Debug|Any CPU.ActiveCfg = Debug|Any CPU
		{0CB60162-3BB6-4B86-A7C8-A664854B8D90}.Debug|Any CPU.Build.0 = Debug|Any CPU
		{0CB60162-3BB6-4B86-A7C8-A664854B8D90}.Release|Any CPU.ActiveCfg = Release|Any CPU
		{0CB60162-3BB6-4B86-A7C8-A664854B8D90}.Release|Any CPU.Build.0 = Release|Any CPU
		{835A2BF4-131E-4A48-B533-94F0FCD995FA}.Debug|Any CPU.ActiveCfg = Debug|Any CPU
		{835A2BF4-131E-4A48-B533-94F0FCD995FA}.Debug|Any CPU.Build.0 = Debug|Any CPU
		{835A2BF4-131E-4A48-B533-94F0FCD995FA}.Release|Any CPU.ActiveCfg = Release|Any CPU
		{835A2BF4-131E-4A48-B533-94F0FCD995FA}.Release|Any CPU.Build.0 = Release|Any CPU
		{8B4DA2D5-0619-4E40-BC27-429046FCF3F3}.Debug|Any CPU.ActiveCfg = Debug|Any CPU
		{8B4DA2D5-0619-4E40-BC27-429046FCF3F3}.Debug|Any CPU.Build.0 = Debug|Any CPU
		{8B4DA2D5-0619-4E40-BC27-429046FCF3F3}.Release|Any CPU.ActiveCfg = Release|Any CPU
		{8B4DA2D5-0619-4E40-BC27-429046FCF3F3}.Release|Any CPU.Build.0 = Release|Any CPU
		{158F7504-9CA5-40D6-9D43-EFABDE631C26}.Debug|Any CPU.ActiveCfg = Debug|Any CPU
		{158F7504-9CA5-40D6-9D43-EFABDE631C26}.Debug|Any CPU.Build.0 = Debug|Any CPU
		{158F7504-9CA5-40D6-9D43-EFABDE631C26}.Release|Any CPU.ActiveCfg = Release|Any CPU
		{158F7504-9CA5-40D6-9D43-EFABDE631C26}.Release|Any CPU.Build.0 = Release|Any CPU
		{26F58719-352C-43AE-93B3-6B1072AC1172}.Debug|Any CPU.ActiveCfg = Debug|Any CPU
		{26F58719-352C-43AE-93B3-6B1072AC1172}.Debug|Any CPU.Build.0 = Debug|Any CPU
		{26F58719-352C-43AE-93B3-6B1072AC1172}.Release|Any CPU.ActiveCfg = Release|Any CPU
		{26F58719-352C-43AE-93B3-6B1072AC1172}.Release|Any CPU.Build.0 = Release|Any CPU
		{04DC930C-10EC-4ACD-951F-7350A255E8C2}.Debug|Any CPU.ActiveCfg = Debug|Any CPU
		{04DC930C-10EC-4ACD-951F-7350A255E8C2}.Debug|Any CPU.Build.0 = Debug|Any CPU
		{04DC930C-10EC-4ACD-951F-7350A255E8C2}.Release|Any CPU.ActiveCfg = Release|Any CPU
		{04DC930C-10EC-4ACD-951F-7350A255E8C2}.Release|Any CPU.Build.0 = Release|Any CPU
		{11929189-3135-4DF1-A139-ABC4A493D601}.Debug|Any CPU.ActiveCfg = Debug|Any CPU
		{11929189-3135-4DF1-A139-ABC4A493D601}.Debug|Any CPU.Build.0 = Debug|Any CPU
		{11929189-3135-4DF1-A139-ABC4A493D601}.Release|Any CPU.ActiveCfg = Release|Any CPU
		{11929189-3135-4DF1-A139-ABC4A493D601}.Release|Any CPU.Build.0 = Release|Any CPU
		{38DFB5C1-91AC-453A-9567-C8BCC02F8F8E}.Debug|Any CPU.ActiveCfg = Debug|Any CPU
		{38DFB5C1-91AC-453A-9567-C8BCC02F8F8E}.Debug|Any CPU.Build.0 = Debug|Any CPU
		{38DFB5C1-91AC-453A-9567-C8BCC02F8F8E}.Release|Any CPU.ActiveCfg = Release|Any CPU
		{38DFB5C1-91AC-453A-9567-C8BCC02F8F8E}.Release|Any CPU.Build.0 = Release|Any CPU
		{A0053971-EDF4-4C94-A64A-D0BDC8607F4D}.Debug|Any CPU.ActiveCfg = Debug|Any CPU
		{A0053971-EDF4-4C94-A64A-D0BDC8607F4D}.Debug|Any CPU.Build.0 = Debug|Any CPU
		{A0053971-EDF4-4C94-A64A-D0BDC8607F4D}.Release|Any CPU.ActiveCfg = Release|Any CPU
		{A0053971-EDF4-4C94-A64A-D0BDC8607F4D}.Release|Any CPU.Build.0 = Release|Any CPU
		{F84FD52F-4F57-4140-918B-B32ABA98BCE4}.Debug|Any CPU.ActiveCfg = Debug|Any CPU
		{F84FD52F-4F57-4140-918B-B32ABA98BCE4}.Debug|Any CPU.Build.0 = Debug|Any CPU
		{F84FD52F-4F57-4140-918B-B32ABA98BCE4}.Release|Any CPU.ActiveCfg = Release|Any CPU
		{F84FD52F-4F57-4140-918B-B32ABA98BCE4}.Release|Any CPU.Build.0 = Release|Any CPU
		{D1190C0D-510C-40F4-9194-88CA5F749C96}.Debug|Any CPU.ActiveCfg = Debug|Any CPU
		{D1190C0D-510C-40F4-9194-88CA5F749C96}.Debug|Any CPU.Build.0 = Debug|Any CPU
		{D1190C0D-510C-40F4-9194-88CA5F749C96}.Release|Any CPU.ActiveCfg = Release|Any CPU
		{D1190C0D-510C-40F4-9194-88CA5F749C96}.Release|Any CPU.Build.0 = Release|Any CPU
		{166F1AAF-27CC-45EF-996E-1694AFD47D21}.Debug|Any CPU.ActiveCfg = Debug|Any CPU
		{166F1AAF-27CC-45EF-996E-1694AFD47D21}.Debug|Any CPU.Build.0 = Debug|Any CPU
		{166F1AAF-27CC-45EF-996E-1694AFD47D21}.Release|Any CPU.ActiveCfg = Release|Any CPU
		{166F1AAF-27CC-45EF-996E-1694AFD47D21}.Release|Any CPU.Build.0 = Release|Any CPU
		{D2C220FF-AAE9-4F5D-A071-42613D50B0FB}.Debug|Any CPU.ActiveCfg = Debug|Any CPU
		{D2C220FF-AAE9-4F5D-A071-42613D50B0FB}.Debug|Any CPU.Build.0 = Debug|Any CPU
		{D2C220FF-AAE9-4F5D-A071-42613D50B0FB}.Release|Any CPU.ActiveCfg = Release|Any CPU
		{D2C220FF-AAE9-4F5D-A071-42613D50B0FB}.Release|Any CPU.Build.0 = Release|Any CPU
		{5F25DF18-F4B0-483B-A6F9-419A7EE2EECB}.Debug|Any CPU.ActiveCfg = Debug|Any CPU
		{5F25DF18-F4B0-483B-A6F9-419A7EE2EECB}.Debug|Any CPU.Build.0 = Debug|Any CPU
		{5F25DF18-F4B0-483B-A6F9-419A7EE2EECB}.Release|Any CPU.ActiveCfg = Release|Any CPU
		{5F25DF18-F4B0-483B-A6F9-419A7EE2EECB}.Release|Any CPU.Build.0 = Release|Any CPU
		{F80ECCC3-31F9-48DF-86B6-48706C5A80A7}.Debug|Any CPU.ActiveCfg = Debug|Any CPU
		{F80ECCC3-31F9-48DF-86B6-48706C5A80A7}.Debug|Any CPU.Build.0 = Debug|Any CPU
		{F80ECCC3-31F9-48DF-86B6-48706C5A80A7}.Release|Any CPU.ActiveCfg = Release|Any CPU
		{F80ECCC3-31F9-48DF-86B6-48706C5A80A7}.Release|Any CPU.Build.0 = Release|Any CPU
		{E0294FEA-42E4-4547-A151-D2E932073929}.Debug|Any CPU.ActiveCfg = Debug|Any CPU
		{E0294FEA-42E4-4547-A151-D2E932073929}.Debug|Any CPU.Build.0 = Debug|Any CPU
		{E0294FEA-42E4-4547-A151-D2E932073929}.Release|Any CPU.ActiveCfg = Release|Any CPU
		{E0294FEA-42E4-4547-A151-D2E932073929}.Release|Any CPU.Build.0 = Release|Any CPU
		{8D6663D8-1906-4D54-88A3-381A6539D9CC}.Debug|Any CPU.ActiveCfg = Debug|Any CPU
		{8D6663D8-1906-4D54-88A3-381A6539D9CC}.Debug|Any CPU.Build.0 = Debug|Any CPU
		{8D6663D8-1906-4D54-88A3-381A6539D9CC}.Release|Any CPU.ActiveCfg = Release|Any CPU
		{8D6663D8-1906-4D54-88A3-381A6539D9CC}.Release|Any CPU.Build.0 = Release|Any CPU
		{3E60B96B-E83E-4194-B72E-88EC534104A3}.Debug|Any CPU.ActiveCfg = Debug|Any CPU
		{3E60B96B-E83E-4194-B72E-88EC534104A3}.Debug|Any CPU.Build.0 = Debug|Any CPU
		{3E60B96B-E83E-4194-B72E-88EC534104A3}.Release|Any CPU.ActiveCfg = Release|Any CPU
		{3E60B96B-E83E-4194-B72E-88EC534104A3}.Release|Any CPU.Build.0 = Release|Any CPU
		{22220A18-2600-4DA8-B7B1-9CD91E7C98CF}.Debug|Any CPU.ActiveCfg = Debug|Any CPU
		{22220A18-2600-4DA8-B7B1-9CD91E7C98CF}.Debug|Any CPU.Build.0 = Debug|Any CPU
		{22220A18-2600-4DA8-B7B1-9CD91E7C98CF}.Release|Any CPU.ActiveCfg = Release|Any CPU
		{22220A18-2600-4DA8-B7B1-9CD91E7C98CF}.Release|Any CPU.Build.0 = Release|Any CPU
		{3F820D8D-ACC8-4AF2-A87D-007A3282F8B0}.Debug|Any CPU.ActiveCfg = Debug|Any CPU
		{3F820D8D-ACC8-4AF2-A87D-007A3282F8B0}.Debug|Any CPU.Build.0 = Debug|Any CPU
		{3F820D8D-ACC8-4AF2-A87D-007A3282F8B0}.Release|Any CPU.ActiveCfg = Release|Any CPU
		{3F820D8D-ACC8-4AF2-A87D-007A3282F8B0}.Release|Any CPU.Build.0 = Release|Any CPU
		{F4AD0580-A86E-48B8-8958-596359FF4BB2}.Debug|Any CPU.ActiveCfg = Debug|Any CPU
		{F4AD0580-A86E-48B8-8958-596359FF4BB2}.Debug|Any CPU.Build.0 = Debug|Any CPU
		{F4AD0580-A86E-48B8-8958-596359FF4BB2}.Release|Any CPU.ActiveCfg = Release|Any CPU
		{F4AD0580-A86E-48B8-8958-596359FF4BB2}.Release|Any CPU.Build.0 = Release|Any CPU
		{65D7A7F2-AF6E-45D5-87B6-9E7209EF970D}.Debug|Any CPU.ActiveCfg = Debug|Any CPU
		{65D7A7F2-AF6E-45D5-87B6-9E7209EF970D}.Debug|Any CPU.Build.0 = Debug|Any CPU
		{65D7A7F2-AF6E-45D5-87B6-9E7209EF970D}.Release|Any CPU.ActiveCfg = Release|Any CPU
		{65D7A7F2-AF6E-45D5-87B6-9E7209EF970D}.Release|Any CPU.Build.0 = Release|Any CPU
		{616ADABE-9966-468A-B222-630E3B9188C7}.Debug|Any CPU.ActiveCfg = Debug|Any CPU
		{616ADABE-9966-468A-B222-630E3B9188C7}.Debug|Any CPU.Build.0 = Debug|Any CPU
		{616ADABE-9966-468A-B222-630E3B9188C7}.Release|Any CPU.ActiveCfg = Release|Any CPU
		{616ADABE-9966-468A-B222-630E3B9188C7}.Release|Any CPU.Build.0 = Release|Any CPU
		{B278C8E5-1AC0-431F-A8E6-40A1F63025D0}.Debug|Any CPU.ActiveCfg = Debug|Any CPU
		{B278C8E5-1AC0-431F-A8E6-40A1F63025D0}.Debug|Any CPU.Build.0 = Debug|Any CPU
		{B278C8E5-1AC0-431F-A8E6-40A1F63025D0}.Release|Any CPU.ActiveCfg = Release|Any CPU
		{B278C8E5-1AC0-431F-A8E6-40A1F63025D0}.Release|Any CPU.Build.0 = Release|Any CPU
		{71A4A22B-660F-47F8-84FB-51DDFF2052C3}.Debug|Any CPU.ActiveCfg = Debug|Any CPU
		{71A4A22B-660F-47F8-84FB-51DDFF2052C3}.Debug|Any CPU.Build.0 = Debug|Any CPU
		{71A4A22B-660F-47F8-84FB-51DDFF2052C3}.Release|Any CPU.ActiveCfg = Release|Any CPU
		{71A4A22B-660F-47F8-84FB-51DDFF2052C3}.Release|Any CPU.Build.0 = Release|Any CPU
		{398E4236-2780-4257-AFDB-C68208D4ED99}.Debug|Any CPU.ActiveCfg = Debug|Any CPU
		{398E4236-2780-4257-AFDB-C68208D4ED99}.Debug|Any CPU.Build.0 = Debug|Any CPU
		{398E4236-2780-4257-AFDB-C68208D4ED99}.Release|Any CPU.ActiveCfg = Release|Any CPU
		{398E4236-2780-4257-AFDB-C68208D4ED99}.Release|Any CPU.Build.0 = Release|Any CPU
		{202813F6-9558-48A8-8836-2BA5CDDFD383}.Debug|Any CPU.ActiveCfg = Debug|Any CPU
		{202813F6-9558-48A8-8836-2BA5CDDFD383}.Debug|Any CPU.Build.0 = Debug|Any CPU
		{202813F6-9558-48A8-8836-2BA5CDDFD383}.Release|Any CPU.ActiveCfg = Release|Any CPU
		{202813F6-9558-48A8-8836-2BA5CDDFD383}.Release|Any CPU.Build.0 = Release|Any CPU
		{19E10BD3-6277-491E-8F7E-4106DF3A012F}.Debug|Any CPU.ActiveCfg = Debug|Any CPU
		{19E10BD3-6277-491E-8F7E-4106DF3A012F}.Debug|Any CPU.Build.0 = Debug|Any CPU
		{19E10BD3-6277-491E-8F7E-4106DF3A012F}.Release|Any CPU.ActiveCfg = Release|Any CPU
		{19E10BD3-6277-491E-8F7E-4106DF3A012F}.Release|Any CPU.Build.0 = Release|Any CPU
		{027BE164-F063-4E2D-B8F1-56CC54C02FAF}.Debug|Any CPU.ActiveCfg = Debug|Any CPU
		{027BE164-F063-4E2D-B8F1-56CC54C02FAF}.Debug|Any CPU.Build.0 = Debug|Any CPU
		{027BE164-F063-4E2D-B8F1-56CC54C02FAF}.Release|Any CPU.ActiveCfg = Release|Any CPU
		{027BE164-F063-4E2D-B8F1-56CC54C02FAF}.Release|Any CPU.Build.0 = Release|Any CPU
		{7069EB6D-3F62-4CCC-9511-9710CB26E2D6}.Debug|Any CPU.ActiveCfg = Debug|Any CPU
		{7069EB6D-3F62-4CCC-9511-9710CB26E2D6}.Debug|Any CPU.Build.0 = Debug|Any CPU
		{7069EB6D-3F62-4CCC-9511-9710CB26E2D6}.Release|Any CPU.ActiveCfg = Release|Any CPU
		{7069EB6D-3F62-4CCC-9511-9710CB26E2D6}.Release|Any CPU.Build.0 = Release|Any CPU
		{08C9B880-14C5-4149-BBE3-0C02B95780C7}.Debug|Any CPU.ActiveCfg = Debug|Any CPU
		{08C9B880-14C5-4149-BBE3-0C02B95780C7}.Debug|Any CPU.Build.0 = Debug|Any CPU
		{08C9B880-14C5-4149-BBE3-0C02B95780C7}.Release|Any CPU.ActiveCfg = Release|Any CPU
		{08C9B880-14C5-4149-BBE3-0C02B95780C7}.Release|Any CPU.Build.0 = Release|Any CPU
		{FCD0469E-F112-4FC2-80A1-0A33F7137B33}.Debug|Any CPU.ActiveCfg = Debug|Any CPU
		{FCD0469E-F112-4FC2-80A1-0A33F7137B33}.Debug|Any CPU.Build.0 = Debug|Any CPU
		{FCD0469E-F112-4FC2-80A1-0A33F7137B33}.Release|Any CPU.ActiveCfg = Release|Any CPU
		{FCD0469E-F112-4FC2-80A1-0A33F7137B33}.Release|Any CPU.Build.0 = Release|Any CPU
		{37541E6A-9B29-4001-BCA8-84DE58048E1D}.Debug|Any CPU.ActiveCfg = Debug|Any CPU
		{37541E6A-9B29-4001-BCA8-84DE58048E1D}.Debug|Any CPU.Build.0 = Debug|Any CPU
		{37541E6A-9B29-4001-BCA8-84DE58048E1D}.Release|Any CPU.ActiveCfg = Release|Any CPU
		{37541E6A-9B29-4001-BCA8-84DE58048E1D}.Release|Any CPU.Build.0 = Release|Any CPU
		{45FA318C-66A2-44DD-A7CE-256EA0A6F990}.Debug|Any CPU.ActiveCfg = Debug|Any CPU
		{45FA318C-66A2-44DD-A7CE-256EA0A6F990}.Debug|Any CPU.Build.0 = Debug|Any CPU
		{45FA318C-66A2-44DD-A7CE-256EA0A6F990}.Release|Any CPU.ActiveCfg = Release|Any CPU
		{45FA318C-66A2-44DD-A7CE-256EA0A6F990}.Release|Any CPU.Build.0 = Release|Any CPU
		{D106236E-A28F-4A32-AE3C-347E9BBF1C7A}.Debug|Any CPU.ActiveCfg = Debug|Any CPU
		{D106236E-A28F-4A32-AE3C-347E9BBF1C7A}.Debug|Any CPU.Build.0 = Debug|Any CPU
		{D106236E-A28F-4A32-AE3C-347E9BBF1C7A}.Release|Any CPU.ActiveCfg = Release|Any CPU
		{D106236E-A28F-4A32-AE3C-347E9BBF1C7A}.Release|Any CPU.Build.0 = Release|Any CPU
		{32252966-0511-48E2-99B4-F5FE5ACC205F}.Debug|Any CPU.ActiveCfg = Debug|Any CPU
		{32252966-0511-48E2-99B4-F5FE5ACC205F}.Debug|Any CPU.Build.0 = Debug|Any CPU
		{32252966-0511-48E2-99B4-F5FE5ACC205F}.Release|Any CPU.ActiveCfg = Release|Any CPU
		{32252966-0511-48E2-99B4-F5FE5ACC205F}.Release|Any CPU.Build.0 = Release|Any CPU
		{29BD9156-A984-4ADB-BC27-AC48E5C72D8C}.Debug|Any CPU.ActiveCfg = Debug|Any CPU
		{29BD9156-A984-4ADB-BC27-AC48E5C72D8C}.Debug|Any CPU.Build.0 = Debug|Any CPU
		{29BD9156-A984-4ADB-BC27-AC48E5C72D8C}.Release|Any CPU.ActiveCfg = Release|Any CPU
		{29BD9156-A984-4ADB-BC27-AC48E5C72D8C}.Release|Any CPU.Build.0 = Release|Any CPU
		{C86C895E-3100-4F7D-B415-8A93A37E8CF0}.Debug|Any CPU.ActiveCfg = Debug|Any CPU
		{C86C895E-3100-4F7D-B415-8A93A37E8CF0}.Debug|Any CPU.Build.0 = Debug|Any CPU
		{C86C895E-3100-4F7D-B415-8A93A37E8CF0}.Release|Any CPU.ActiveCfg = Release|Any CPU
		{C86C895E-3100-4F7D-B415-8A93A37E8CF0}.Release|Any CPU.Build.0 = Release|Any CPU
		{832AF987-8643-4A02-8F29-5906C765920A}.Debug|Any CPU.ActiveCfg = Debug|Any CPU
		{832AF987-8643-4A02-8F29-5906C765920A}.Debug|Any CPU.Build.0 = Debug|Any CPU
		{832AF987-8643-4A02-8F29-5906C765920A}.Release|Any CPU.ActiveCfg = Release|Any CPU
		{832AF987-8643-4A02-8F29-5906C765920A}.Release|Any CPU.Build.0 = Release|Any CPU
		{D4B6CDD9-D6AB-40B1-A7D2-1FC16788BCEB}.Debug|Any CPU.ActiveCfg = Debug|Any CPU
		{D4B6CDD9-D6AB-40B1-A7D2-1FC16788BCEB}.Debug|Any CPU.Build.0 = Debug|Any CPU
		{D4B6CDD9-D6AB-40B1-A7D2-1FC16788BCEB}.Release|Any CPU.ActiveCfg = Release|Any CPU
		{D4B6CDD9-D6AB-40B1-A7D2-1FC16788BCEB}.Release|Any CPU.Build.0 = Release|Any CPU
		{81630884-D3C6-4CD2-83D3-A5F093F508DD}.Debug|Any CPU.ActiveCfg = Debug|Any CPU
		{81630884-D3C6-4CD2-83D3-A5F093F508DD}.Debug|Any CPU.Build.0 = Debug|Any CPU
		{81630884-D3C6-4CD2-83D3-A5F093F508DD}.Release|Any CPU.ActiveCfg = Release|Any CPU
		{81630884-D3C6-4CD2-83D3-A5F093F508DD}.Release|Any CPU.Build.0 = Release|Any CPU
		{7D8C69D7-9528-402F-A966-C37CF50BFBD2}.Debug|Any CPU.ActiveCfg = Debug|Any CPU
		{7D8C69D7-9528-402F-A966-C37CF50BFBD2}.Debug|Any CPU.Build.0 = Debug|Any CPU
		{7D8C69D7-9528-402F-A966-C37CF50BFBD2}.Release|Any CPU.ActiveCfg = Release|Any CPU
		{7D8C69D7-9528-402F-A966-C37CF50BFBD2}.Release|Any CPU.Build.0 = Release|Any CPU
		{B48475B2-84A3-4FC0-AEDD-F2129024BE9E}.Debug|Any CPU.ActiveCfg = Debug|Any CPU
		{B48475B2-84A3-4FC0-AEDD-F2129024BE9E}.Debug|Any CPU.Build.0 = Debug|Any CPU
		{B48475B2-84A3-4FC0-AEDD-F2129024BE9E}.Release|Any CPU.ActiveCfg = Release|Any CPU
		{B48475B2-84A3-4FC0-AEDD-F2129024BE9E}.Release|Any CPU.Build.0 = Release|Any CPU
		{831AD8B1-DA65-4405-BDB7-F71A8A6E27FB}.Debug|Any CPU.ActiveCfg = Debug|Any CPU
		{831AD8B1-DA65-4405-BDB7-F71A8A6E27FB}.Debug|Any CPU.Build.0 = Debug|Any CPU
		{831AD8B1-DA65-4405-BDB7-F71A8A6E27FB}.Release|Any CPU.ActiveCfg = Release|Any CPU
		{831AD8B1-DA65-4405-BDB7-F71A8A6E27FB}.Release|Any CPU.Build.0 = Release|Any CPU
		{0EC9DD7B-68E9-4E43-A2AE-557F164E2A78}.Debug|Any CPU.ActiveCfg = Debug|Any CPU
		{0EC9DD7B-68E9-4E43-A2AE-557F164E2A78}.Debug|Any CPU.Build.0 = Debug|Any CPU
		{0EC9DD7B-68E9-4E43-A2AE-557F164E2A78}.Release|Any CPU.ActiveCfg = Release|Any CPU
		{0EC9DD7B-68E9-4E43-A2AE-557F164E2A78}.Release|Any CPU.Build.0 = Release|Any CPU
		{961808A8-974C-48E7-927E-FC5FB82238E9}.Debug|Any CPU.ActiveCfg = Debug|Any CPU
		{961808A8-974C-48E7-927E-FC5FB82238E9}.Debug|Any CPU.Build.0 = Debug|Any CPU
		{961808A8-974C-48E7-927E-FC5FB82238E9}.Release|Any CPU.ActiveCfg = Release|Any CPU
		{961808A8-974C-48E7-927E-FC5FB82238E9}.Release|Any CPU.Build.0 = Release|Any CPU
		{0EF8014B-DBE0-45A6-9AAF-29AF5288902A}.Debug|Any CPU.ActiveCfg = Debug|Any CPU
		{0EF8014B-DBE0-45A6-9AAF-29AF5288902A}.Debug|Any CPU.Build.0 = Debug|Any CPU
		{0EF8014B-DBE0-45A6-9AAF-29AF5288902A}.Release|Any CPU.ActiveCfg = Release|Any CPU
		{0EF8014B-DBE0-45A6-9AAF-29AF5288902A}.Release|Any CPU.Build.0 = Release|Any CPU
		{A6BCFBB5-6336-4658-81EC-B2F8D1EDBE2A}.Debug|Any CPU.ActiveCfg = Debug|Any CPU
		{A6BCFBB5-6336-4658-81EC-B2F8D1EDBE2A}.Debug|Any CPU.Build.0 = Debug|Any CPU
		{A6BCFBB5-6336-4658-81EC-B2F8D1EDBE2A}.Release|Any CPU.ActiveCfg = Release|Any CPU
		{A6BCFBB5-6336-4658-81EC-B2F8D1EDBE2A}.Release|Any CPU.Build.0 = Release|Any CPU
		{AB15D955-EFD5-483B-B9F7-46E2B0F4914E}.Debug|Any CPU.ActiveCfg = Debug|Any CPU
		{AB15D955-EFD5-483B-B9F7-46E2B0F4914E}.Debug|Any CPU.Build.0 = Debug|Any CPU
		{AB15D955-EFD5-483B-B9F7-46E2B0F4914E}.Release|Any CPU.ActiveCfg = Release|Any CPU
		{AB15D955-EFD5-483B-B9F7-46E2B0F4914E}.Release|Any CPU.Build.0 = Release|Any CPU
		{18AFBE56-911A-407A-8F19-F3B38CBBA0CC}.Debug|Any CPU.ActiveCfg = Debug|Any CPU
		{18AFBE56-911A-407A-8F19-F3B38CBBA0CC}.Debug|Any CPU.Build.0 = Debug|Any CPU
		{18AFBE56-911A-407A-8F19-F3B38CBBA0CC}.Release|Any CPU.ActiveCfg = Release|Any CPU
		{18AFBE56-911A-407A-8F19-F3B38CBBA0CC}.Release|Any CPU.Build.0 = Release|Any CPU
		{107B2461-E93C-400B-B9DA-4AE9DEF56B80}.Debug|Any CPU.ActiveCfg = Debug|Any CPU
		{107B2461-E93C-400B-B9DA-4AE9DEF56B80}.Debug|Any CPU.Build.0 = Debug|Any CPU
		{107B2461-E93C-400B-B9DA-4AE9DEF56B80}.Release|Any CPU.ActiveCfg = Release|Any CPU
		{107B2461-E93C-400B-B9DA-4AE9DEF56B80}.Release|Any CPU.Build.0 = Release|Any CPU
		{DF268B31-33B9-43E7-ACD9-4270D7F5B30B}.Debug|Any CPU.ActiveCfg = Debug|Any CPU
		{DF268B31-33B9-43E7-ACD9-4270D7F5B30B}.Debug|Any CPU.Build.0 = Debug|Any CPU
		{DF268B31-33B9-43E7-ACD9-4270D7F5B30B}.Release|Any CPU.ActiveCfg = Release|Any CPU
		{DF268B31-33B9-43E7-ACD9-4270D7F5B30B}.Release|Any CPU.Build.0 = Release|Any CPU
		{FF55ECA8-2AC5-4935-8A35-38810188C0AE}.Debug|Any CPU.ActiveCfg = Debug|Any CPU
		{FF55ECA8-2AC5-4935-8A35-38810188C0AE}.Debug|Any CPU.Build.0 = Debug|Any CPU
		{FF55ECA8-2AC5-4935-8A35-38810188C0AE}.Release|Any CPU.ActiveCfg = Release|Any CPU
		{FF55ECA8-2AC5-4935-8A35-38810188C0AE}.Release|Any CPU.Build.0 = Release|Any CPU
		{555C5182-12B3-4D8B-8A86-A73048088D27}.Debug|Any CPU.ActiveCfg = Debug|Any CPU
		{555C5182-12B3-4D8B-8A86-A73048088D27}.Debug|Any CPU.Build.0 = Debug|Any CPU
		{555C5182-12B3-4D8B-8A86-A73048088D27}.Release|Any CPU.ActiveCfg = Release|Any CPU
		{555C5182-12B3-4D8B-8A86-A73048088D27}.Release|Any CPU.Build.0 = Release|Any CPU
		{5B25774E-0EE9-452D-8BDD-47E33236C7C2}.Debug|Any CPU.ActiveCfg = Debug|Any CPU
		{5B25774E-0EE9-452D-8BDD-47E33236C7C2}.Debug|Any CPU.Build.0 = Debug|Any CPU
		{5B25774E-0EE9-452D-8BDD-47E33236C7C2}.Release|Any CPU.ActiveCfg = Release|Any CPU
		{5B25774E-0EE9-452D-8BDD-47E33236C7C2}.Release|Any CPU.Build.0 = Release|Any CPU
		{B4B0586B-B6A2-4C82-AAF3-D5DC95D2E3D9}.Debug|Any CPU.ActiveCfg = Debug|Any CPU
		{B4B0586B-B6A2-4C82-AAF3-D5DC95D2E3D9}.Debug|Any CPU.Build.0 = Debug|Any CPU
		{B4B0586B-B6A2-4C82-AAF3-D5DC95D2E3D9}.Release|Any CPU.ActiveCfg = Release|Any CPU
		{B4B0586B-B6A2-4C82-AAF3-D5DC95D2E3D9}.Release|Any CPU.Build.0 = Release|Any CPU
		{801955A1-12FD-4E9D-A260-CFD941AD637E}.Debug|Any CPU.ActiveCfg = Debug|Any CPU
		{801955A1-12FD-4E9D-A260-CFD941AD637E}.Debug|Any CPU.Build.0 = Debug|Any CPU
		{801955A1-12FD-4E9D-A260-CFD941AD637E}.Release|Any CPU.ActiveCfg = Release|Any CPU
		{801955A1-12FD-4E9D-A260-CFD941AD637E}.Release|Any CPU.Build.0 = Release|Any CPU
		{88F40FD3-6203-4C89-AFC7-6A20C4886971}.Debug|Any CPU.ActiveCfg = Debug|Any CPU
		{88F40FD3-6203-4C89-AFC7-6A20C4886971}.Debug|Any CPU.Build.0 = Debug|Any CPU
		{88F40FD3-6203-4C89-AFC7-6A20C4886971}.Release|Any CPU.ActiveCfg = Release|Any CPU
		{88F40FD3-6203-4C89-AFC7-6A20C4886971}.Release|Any CPU.Build.0 = Release|Any CPU
		{2C6E1DED-CED3-4FFB-BB52-9929507723AA}.Debug|Any CPU.ActiveCfg = Debug|Any CPU
		{2C6E1DED-CED3-4FFB-BB52-9929507723AA}.Debug|Any CPU.Build.0 = Debug|Any CPU
		{2C6E1DED-CED3-4FFB-BB52-9929507723AA}.Release|Any CPU.ActiveCfg = Release|Any CPU
		{2C6E1DED-CED3-4FFB-BB52-9929507723AA}.Release|Any CPU.Build.0 = Release|Any CPU
		{88951768-5688-4D46-B1D7-E8BFD41E7CDC}.Debug|Any CPU.ActiveCfg = Debug|Any CPU
		{88951768-5688-4D46-B1D7-E8BFD41E7CDC}.Debug|Any CPU.Build.0 = Debug|Any CPU
		{88951768-5688-4D46-B1D7-E8BFD41E7CDC}.Release|Any CPU.ActiveCfg = Release|Any CPU
		{88951768-5688-4D46-B1D7-E8BFD41E7CDC}.Release|Any CPU.Build.0 = Release|Any CPU
		{DF3DE76B-38FF-4CD8-84A2-AA4ED70BA829}.Debug|Any CPU.ActiveCfg = Debug|Any CPU
		{DF3DE76B-38FF-4CD8-84A2-AA4ED70BA829}.Debug|Any CPU.Build.0 = Debug|Any CPU
		{DF3DE76B-38FF-4CD8-84A2-AA4ED70BA829}.Release|Any CPU.ActiveCfg = Release|Any CPU
		{DF3DE76B-38FF-4CD8-84A2-AA4ED70BA829}.Release|Any CPU.Build.0 = Release|Any CPU
		{E4977480-BE9E-4C70-B951-B395B304DDE1}.Debug|Any CPU.ActiveCfg = Debug|Any CPU
		{E4977480-BE9E-4C70-B951-B395B304DDE1}.Debug|Any CPU.Build.0 = Debug|Any CPU
		{E4977480-BE9E-4C70-B951-B395B304DDE1}.Release|Any CPU.ActiveCfg = Release|Any CPU
		{E4977480-BE9E-4C70-B951-B395B304DDE1}.Release|Any CPU.Build.0 = Release|Any CPU
		{DE9E6DAD-64C5-413A-B1C6-F37CE0C80372}.Debug|Any CPU.ActiveCfg = Debug|Any CPU
		{DE9E6DAD-64C5-413A-B1C6-F37CE0C80372}.Debug|Any CPU.Build.0 = Debug|Any CPU
		{DE9E6DAD-64C5-413A-B1C6-F37CE0C80372}.Release|Any CPU.ActiveCfg = Release|Any CPU
		{DE9E6DAD-64C5-413A-B1C6-F37CE0C80372}.Release|Any CPU.Build.0 = Release|Any CPU
		{277EED96-E0E5-43C6-8A7C-CF01BB3E047E}.Debug|Any CPU.ActiveCfg = Debug|Any CPU
		{277EED96-E0E5-43C6-8A7C-CF01BB3E047E}.Debug|Any CPU.Build.0 = Debug|Any CPU
		{277EED96-E0E5-43C6-8A7C-CF01BB3E047E}.Release|Any CPU.ActiveCfg = Release|Any CPU
		{277EED96-E0E5-43C6-8A7C-CF01BB3E047E}.Release|Any CPU.Build.0 = Release|Any CPU
		{0818C08F-5071-458E-BE75-0D416D09B36D}.Debug|Any CPU.ActiveCfg = Debug|Any CPU
		{0818C08F-5071-458E-BE75-0D416D09B36D}.Debug|Any CPU.Build.0 = Debug|Any CPU
		{0818C08F-5071-458E-BE75-0D416D09B36D}.Release|Any CPU.ActiveCfg = Release|Any CPU
		{0818C08F-5071-458E-BE75-0D416D09B36D}.Release|Any CPU.Build.0 = Release|Any CPU
		{128E1DCB-811F-46A5-884C-104BCAD3D462}.Debug|Any CPU.ActiveCfg = Debug|Any CPU
		{128E1DCB-811F-46A5-884C-104BCAD3D462}.Debug|Any CPU.Build.0 = Debug|Any CPU
		{128E1DCB-811F-46A5-884C-104BCAD3D462}.Release|Any CPU.ActiveCfg = Release|Any CPU
		{128E1DCB-811F-46A5-884C-104BCAD3D462}.Release|Any CPU.Build.0 = Release|Any CPU
		{2D4C564E-57C0-41E8-ADFC-E2497EBD4A57}.Debug|Any CPU.ActiveCfg = Debug|Any CPU
		{2D4C564E-57C0-41E8-ADFC-E2497EBD4A57}.Debug|Any CPU.Build.0 = Debug|Any CPU
		{2D4C564E-57C0-41E8-ADFC-E2497EBD4A57}.Release|Any CPU.ActiveCfg = Release|Any CPU
		{2D4C564E-57C0-41E8-ADFC-E2497EBD4A57}.Release|Any CPU.Build.0 = Release|Any CPU
		{3F875BC9-52D8-4B9A-ACEC-6EB44664E657}.Debug|Any CPU.ActiveCfg = Debug|Any CPU
		{3F875BC9-52D8-4B9A-ACEC-6EB44664E657}.Debug|Any CPU.Build.0 = Debug|Any CPU
		{3F875BC9-52D8-4B9A-ACEC-6EB44664E657}.Release|Any CPU.ActiveCfg = Release|Any CPU
		{3F875BC9-52D8-4B9A-ACEC-6EB44664E657}.Release|Any CPU.Build.0 = Release|Any CPU
		{E4B1F986-6891-44F4-9FD4-3EC49F640573}.Debug|Any CPU.ActiveCfg = Debug|Any CPU
		{E4B1F986-6891-44F4-9FD4-3EC49F640573}.Debug|Any CPU.Build.0 = Debug|Any CPU
		{E4B1F986-6891-44F4-9FD4-3EC49F640573}.Release|Any CPU.ActiveCfg = Release|Any CPU
		{E4B1F986-6891-44F4-9FD4-3EC49F640573}.Release|Any CPU.Build.0 = Release|Any CPU
		{BEC47BD5-40DE-42FD-8C8D-E8206B332B7F}.Debug|Any CPU.ActiveCfg = Debug|Any CPU
		{BEC47BD5-40DE-42FD-8C8D-E8206B332B7F}.Debug|Any CPU.Build.0 = Debug|Any CPU
		{BEC47BD5-40DE-42FD-8C8D-E8206B332B7F}.Release|Any CPU.ActiveCfg = Release|Any CPU
		{BEC47BD5-40DE-42FD-8C8D-E8206B332B7F}.Release|Any CPU.Build.0 = Release|Any CPU
		{AC0CF60A-2432-48A3-8153-4CB936F1FDC6}.Debug|Any CPU.ActiveCfg = Debug|Any CPU
		{AC0CF60A-2432-48A3-8153-4CB936F1FDC6}.Debug|Any CPU.Build.0 = Debug|Any CPU
		{AC0CF60A-2432-48A3-8153-4CB936F1FDC6}.Release|Any CPU.ActiveCfg = Release|Any CPU
		{AC0CF60A-2432-48A3-8153-4CB936F1FDC6}.Release|Any CPU.Build.0 = Release|Any CPU
		{51281931-1576-453D-8422-1922CB91CC8A}.Debug|Any CPU.ActiveCfg = Debug|Any CPU
		{51281931-1576-453D-8422-1922CB91CC8A}.Debug|Any CPU.Build.0 = Debug|Any CPU
		{51281931-1576-453D-8422-1922CB91CC8A}.Release|Any CPU.ActiveCfg = Release|Any CPU
		{51281931-1576-453D-8422-1922CB91CC8A}.Release|Any CPU.Build.0 = Release|Any CPU
		{0DBED2B4-9CC8-4CAD-8805-FB96F16D171E}.Debug|Any CPU.ActiveCfg = Debug|Any CPU
		{0DBED2B4-9CC8-4CAD-8805-FB96F16D171E}.Debug|Any CPU.Build.0 = Debug|Any CPU
		{0DBED2B4-9CC8-4CAD-8805-FB96F16D171E}.Release|Any CPU.ActiveCfg = Release|Any CPU
		{0DBED2B4-9CC8-4CAD-8805-FB96F16D171E}.Release|Any CPU.Build.0 = Release|Any CPU
		{44D1F45E-043A-4CAB-9730-C6B3F161FC73}.Debug|Any CPU.ActiveCfg = Debug|Any CPU
		{44D1F45E-043A-4CAB-9730-C6B3F161FC73}.Debug|Any CPU.Build.0 = Debug|Any CPU
		{44D1F45E-043A-4CAB-9730-C6B3F161FC73}.Release|Any CPU.ActiveCfg = Release|Any CPU
		{44D1F45E-043A-4CAB-9730-C6B3F161FC73}.Release|Any CPU.Build.0 = Release|Any CPU
		{82CEEB78-45BE-47EF-B17A-7A3734728E9E}.Debug|Any CPU.ActiveCfg = Debug|Any CPU
		{82CEEB78-45BE-47EF-B17A-7A3734728E9E}.Debug|Any CPU.Build.0 = Debug|Any CPU
		{82CEEB78-45BE-47EF-B17A-7A3734728E9E}.Release|Any CPU.ActiveCfg = Release|Any CPU
		{82CEEB78-45BE-47EF-B17A-7A3734728E9E}.Release|Any CPU.Build.0 = Release|Any CPU
		{E71B76D6-4CE0-4D84-B95D-6E2CB8F10A0C}.Debug|Any CPU.ActiveCfg = Debug|Any CPU
		{E71B76D6-4CE0-4D84-B95D-6E2CB8F10A0C}.Debug|Any CPU.Build.0 = Debug|Any CPU
		{E71B76D6-4CE0-4D84-B95D-6E2CB8F10A0C}.Release|Any CPU.ActiveCfg = Release|Any CPU
		{E71B76D6-4CE0-4D84-B95D-6E2CB8F10A0C}.Release|Any CPU.Build.0 = Release|Any CPU
		{0279F7F8-AD01-4DD7-9AA6-06137A8484AB}.Debug|Any CPU.ActiveCfg = Debug|Any CPU
		{0279F7F8-AD01-4DD7-9AA6-06137A8484AB}.Debug|Any CPU.Build.0 = Debug|Any CPU
		{0279F7F8-AD01-4DD7-9AA6-06137A8484AB}.Release|Any CPU.ActiveCfg = Release|Any CPU
		{0279F7F8-AD01-4DD7-9AA6-06137A8484AB}.Release|Any CPU.Build.0 = Release|Any CPU
		{79EED11D-FA4A-4055-86DB-A14572EC301F}.Debug|Any CPU.ActiveCfg = Debug|Any CPU
		{79EED11D-FA4A-4055-86DB-A14572EC301F}.Debug|Any CPU.Build.0 = Debug|Any CPU
		{79EED11D-FA4A-4055-86DB-A14572EC301F}.Release|Any CPU.ActiveCfg = Release|Any CPU
		{79EED11D-FA4A-4055-86DB-A14572EC301F}.Release|Any CPU.Build.0 = Release|Any CPU
		{D980FA28-8B32-4C55-B013-B6343F7354E8}.Debug|Any CPU.ActiveCfg = Debug|Any CPU
		{D980FA28-8B32-4C55-B013-B6343F7354E8}.Debug|Any CPU.Build.0 = Debug|Any CPU
		{D980FA28-8B32-4C55-B013-B6343F7354E8}.Release|Any CPU.ActiveCfg = Release|Any CPU
		{D980FA28-8B32-4C55-B013-B6343F7354E8}.Release|Any CPU.Build.0 = Release|Any CPU
		{5D96EB7B-0BC5-4FAB-8431-3C4A6A9E6567}.Debug|Any CPU.ActiveCfg = Debug|Any CPU
		{5D96EB7B-0BC5-4FAB-8431-3C4A6A9E6567}.Debug|Any CPU.Build.0 = Debug|Any CPU
		{5D96EB7B-0BC5-4FAB-8431-3C4A6A9E6567}.Release|Any CPU.ActiveCfg = Release|Any CPU
		{5D96EB7B-0BC5-4FAB-8431-3C4A6A9E6567}.Release|Any CPU.Build.0 = Release|Any CPU
		{61D0C958-0C01-42E8-A143-D8C9BEB07471}.Debug|Any CPU.ActiveCfg = Debug|Any CPU
		{61D0C958-0C01-42E8-A143-D8C9BEB07471}.Debug|Any CPU.Build.0 = Debug|Any CPU
		{61D0C958-0C01-42E8-A143-D8C9BEB07471}.Release|Any CPU.ActiveCfg = Release|Any CPU
		{61D0C958-0C01-42E8-A143-D8C9BEB07471}.Release|Any CPU.Build.0 = Release|Any CPU
		{126E3C17-DF61-4738-A6CF-6F7541F90635}.Debug|Any CPU.ActiveCfg = Debug|Any CPU
		{126E3C17-DF61-4738-A6CF-6F7541F90635}.Debug|Any CPU.Build.0 = Debug|Any CPU
		{126E3C17-DF61-4738-A6CF-6F7541F90635}.Release|Any CPU.ActiveCfg = Release|Any CPU
		{126E3C17-DF61-4738-A6CF-6F7541F90635}.Release|Any CPU.Build.0 = Release|Any CPU
		{3A7B2ABE-F44E-4280-A645-EA6B3D2F36AC}.Debug|Any CPU.ActiveCfg = Debug|Any CPU
		{3A7B2ABE-F44E-4280-A645-EA6B3D2F36AC}.Debug|Any CPU.Build.0 = Debug|Any CPU
		{3A7B2ABE-F44E-4280-A645-EA6B3D2F36AC}.Release|Any CPU.ActiveCfg = Release|Any CPU
		{3A7B2ABE-F44E-4280-A645-EA6B3D2F36AC}.Release|Any CPU.Build.0 = Release|Any CPU
		{074F7AEC-5422-4A38-821C-6DC79EE01707}.Debug|Any CPU.ActiveCfg = Debug|Any CPU
		{074F7AEC-5422-4A38-821C-6DC79EE01707}.Debug|Any CPU.Build.0 = Debug|Any CPU
		{074F7AEC-5422-4A38-821C-6DC79EE01707}.Release|Any CPU.ActiveCfg = Release|Any CPU
		{074F7AEC-5422-4A38-821C-6DC79EE01707}.Release|Any CPU.Build.0 = Release|Any CPU
		{77E836B9-6AF4-45BF-B761-CA2DFDDAD06B}.Debug|Any CPU.ActiveCfg = Debug|Any CPU
		{77E836B9-6AF4-45BF-B761-CA2DFDDAD06B}.Debug|Any CPU.Build.0 = Debug|Any CPU
		{77E836B9-6AF4-45BF-B761-CA2DFDDAD06B}.Release|Any CPU.ActiveCfg = Release|Any CPU
		{77E836B9-6AF4-45BF-B761-CA2DFDDAD06B}.Release|Any CPU.Build.0 = Release|Any CPU
		{8D9657A9-3D7A-4561-B3B9-4DE1DDC790AB}.Debug|Any CPU.ActiveCfg = Debug|Any CPU
		{8D9657A9-3D7A-4561-B3B9-4DE1DDC790AB}.Debug|Any CPU.Build.0 = Debug|Any CPU
		{8D9657A9-3D7A-4561-B3B9-4DE1DDC790AB}.Release|Any CPU.ActiveCfg = Release|Any CPU
		{8D9657A9-3D7A-4561-B3B9-4DE1DDC790AB}.Release|Any CPU.Build.0 = Release|Any CPU
		{1297BCD8-0AE7-4B8B-99CC-5334CCF9D65F}.Debug|Any CPU.ActiveCfg = Debug|Any CPU
		{1297BCD8-0AE7-4B8B-99CC-5334CCF9D65F}.Debug|Any CPU.Build.0 = Debug|Any CPU
		{1297BCD8-0AE7-4B8B-99CC-5334CCF9D65F}.Release|Any CPU.ActiveCfg = Release|Any CPU
		{1297BCD8-0AE7-4B8B-99CC-5334CCF9D65F}.Release|Any CPU.Build.0 = Release|Any CPU
		{5255BA71-5222-4D2C-988C-316181D39AEF}.Debug|Any CPU.ActiveCfg = Debug|Any CPU
		{5255BA71-5222-4D2C-988C-316181D39AEF}.Debug|Any CPU.Build.0 = Debug|Any CPU
		{5255BA71-5222-4D2C-988C-316181D39AEF}.Release|Any CPU.ActiveCfg = Release|Any CPU
		{5255BA71-5222-4D2C-988C-316181D39AEF}.Release|Any CPU.Build.0 = Release|Any CPU
		{204A7EFB-815C-45A3-B444-F2B9B23D73E5}.Debug|Any CPU.ActiveCfg = Debug|Any CPU
		{204A7EFB-815C-45A3-B444-F2B9B23D73E5}.Debug|Any CPU.Build.0 = Debug|Any CPU
		{204A7EFB-815C-45A3-B444-F2B9B23D73E5}.Release|Any CPU.ActiveCfg = Release|Any CPU
		{204A7EFB-815C-45A3-B444-F2B9B23D73E5}.Release|Any CPU.Build.0 = Release|Any CPU
		{B85DBEE0-AE51-4333-A0C0-610DC5FF81CB}.Debug|Any CPU.ActiveCfg = Debug|Any CPU
		{B85DBEE0-AE51-4333-A0C0-610DC5FF81CB}.Debug|Any CPU.Build.0 = Debug|Any CPU
		{B85DBEE0-AE51-4333-A0C0-610DC5FF81CB}.Release|Any CPU.ActiveCfg = Release|Any CPU
		{B85DBEE0-AE51-4333-A0C0-610DC5FF81CB}.Release|Any CPU.Build.0 = Release|Any CPU
		{98C866C1-3198-4D5D-8640-C2EB80F8A5E2}.Debug|Any CPU.ActiveCfg = Debug|Any CPU
		{98C866C1-3198-4D5D-8640-C2EB80F8A5E2}.Debug|Any CPU.Build.0 = Debug|Any CPU
		{98C866C1-3198-4D5D-8640-C2EB80F8A5E2}.Release|Any CPU.ActiveCfg = Release|Any CPU
		{98C866C1-3198-4D5D-8640-C2EB80F8A5E2}.Release|Any CPU.Build.0 = Release|Any CPU
		{803D4909-BB92-4120-B5A1-D499C91792A6}.Debug|Any CPU.ActiveCfg = Debug|Any CPU
		{803D4909-BB92-4120-B5A1-D499C91792A6}.Debug|Any CPU.Build.0 = Debug|Any CPU
		{803D4909-BB92-4120-B5A1-D499C91792A6}.Release|Any CPU.ActiveCfg = Release|Any CPU
		{803D4909-BB92-4120-B5A1-D499C91792A6}.Release|Any CPU.Build.0 = Release|Any CPU
		{BA636BCD-0FCB-4653-BC7D-C31217BAC43D}.Debug|Any CPU.ActiveCfg = Debug|Any CPU
		{BA636BCD-0FCB-4653-BC7D-C31217BAC43D}.Debug|Any CPU.Build.0 = Debug|Any CPU
		{BA636BCD-0FCB-4653-BC7D-C31217BAC43D}.Release|Any CPU.ActiveCfg = Release|Any CPU
		{BA636BCD-0FCB-4653-BC7D-C31217BAC43D}.Release|Any CPU.Build.0 = Release|Any CPU
		{8EF228A2-5BB0-4FE6-A2E2-E7F943DB65C3}.Debug|Any CPU.ActiveCfg = Debug|Any CPU
		{8EF228A2-5BB0-4FE6-A2E2-E7F943DB65C3}.Debug|Any CPU.Build.0 = Debug|Any CPU
		{8EF228A2-5BB0-4FE6-A2E2-E7F943DB65C3}.Release|Any CPU.ActiveCfg = Release|Any CPU
		{8EF228A2-5BB0-4FE6-A2E2-E7F943DB65C3}.Release|Any CPU.Build.0 = Release|Any CPU
	EndGlobalSection
	GlobalSection(SolutionProperties) = preSolution
		HideSolutionNode = FALSE
	EndGlobalSection
	GlobalSection(ExtensibilityGlobals) = postSolution
		SolutionGuid = {074C7F5A-B976-414B-8CD9-F963F3292144}
	EndGlobalSection
EndGlobal
